// !$*UTF8*$!
{
	archiveVersion = 1;
	classes = {
	};
	objectVersion = 46;
	objects = {

/* Begin PBXBuildFile section */
		3E5077E26783FA34042273ED /* UIKit.framework in Frameworks */ = {isa = PBXBuildFile; fileRef = 50AB9958D55288E3A7070D02 /* UIKit.framework */; };
		5B3869AB93BCFBEB916A9A94 /* UIKit.framework in Frameworks */ = {isa = PBXBuildFile; fileRef = 50AB9958D55288E3A7070D02 /* UIKit.framework */; };
		7B8F605282EE0069FF96CCEC /* Foundation.framework in Frameworks */ = {isa = PBXBuildFile; fileRef = 3CFA55C2B17FFE6789F1B8C1 /* Foundation.framework */; };
		945C20331E2A576B0004DE2E /* DiscreteSystem.swift in Sources */ = {isa = PBXBuildFile; fileRef = 945C20321E2A576B0004DE2E /* DiscreteSystem.swift */; };
		945C20391E2ACAEB0004DE2E /* MyView.swift in Sources */ = {isa = PBXBuildFile; fileRef = 945C20371E2ACACC0004DE2E /* MyView.swift */; };
		945C203B1E2ACB410004DE2E /* MyView.Normal.swift in Sources */ = {isa = PBXBuildFile; fileRef = 945C203A1E2ACB410004DE2E /* MyView.Normal.swift */; };
		945C203D1E2ACC490004DE2E /* MyView.Highlighted.swift in Sources */ = {isa = PBXBuildFile; fileRef = 945C203C1E2ACC490004DE2E /* MyView.Highlighted.swift */; };
		945C203F1E2ACC8F0004DE2E /* MyView.Disabled.swift in Sources */ = {isa = PBXBuildFile; fileRef = 945C203E1E2ACC8F0004DE2E /* MyView.Disabled.swift */; };
		94FAE33A1E102FD7009706A0 /* ViewState.swift in Sources */ = {isa = PBXBuildFile; fileRef = 94FAE3391E102FD7009706A0 /* ViewState.swift */; };
		94FAE33E1E10329A009706A0 /* StateCtrl.swift in Sources */ = {isa = PBXBuildFile; fileRef = 94FAE33D1E10329A009706A0 /* StateCtrl.swift */; };
		B5E7581830AE943E755AEE7D /* Main.swift in Sources */ = {isa = PBXBuildFile; fileRef = D21A9606F2A231FFCCDB1994 /* Main.swift */; };
		D04534830BDAE7D64DA2AED7 /* Foundation.framework in Frameworks */ = {isa = PBXBuildFile; fileRef = 3CFA55C2B17FFE6789F1B8C1 /* Foundation.framework */; };
/* End PBXBuildFile section */

/* Begin PBXFileReference section */
		096FB6DA6B72666B82F0DE04 /* MKHViewState.h */ = {isa = PBXFileReference; includeInIndex = 1; lastKnownFileType = sourcecode.c.h; path = MKHViewState.h; sourceTree = "<group>"; };
		0AAEA24285B7362805CE36DE /* MKHViewStateTst.xctest */ = {isa = PBXFileReference; explicitFileType = wrapper.cfbundle; includeInIndex = 0; path = MKHViewStateTst.xctest; sourceTree = BUILT_PRODUCTS_DIR; };
		1BC20771415FE04771603E40 /* MKHViewState. */ = {isa = PBXFileReference; includeInIndex = 0; lastKnownFileType = wrapper.framework; name = MKHViewState.; path = MKHViewState.framework; sourceTree = BUILT_PRODUCTS_DIR; };
		3CFA55C2B17FFE6789F1B8C1 /* Foundation.framework */ = {isa = PBXFileReference; lastKnownFileType = wrapper.framework; name = Foundation.framework; path = Platforms/iPhoneOS.platform/Developer/SDKs/iPhoneOS10.0.sdk/System/Library/Frameworks/Foundation.framework; sourceTree = DEVELOPER_DIR; };
		50AB9958D55288E3A7070D02 /* UIKit.framework */ = {isa = PBXFileReference; lastKnownFileType = wrapper.framework; name = UIKit.framework; path = Platforms/iPhoneOS.platform/Developer/SDKs/iPhoneOS10.0.sdk/System/Library/Frameworks/UIKit.framework; sourceTree = DEVELOPER_DIR; };
		945C20321E2A576B0004DE2E /* DiscreteSystem.swift */ = {isa = PBXFileReference; fileEncoding = 4; lastKnownFileType = sourcecode.swift; path = DiscreteSystem.swift; sourceTree = "<group>"; };
		945C20371E2ACACC0004DE2E /* MyView.swift */ = {isa = PBXFileReference; fileEncoding = 4; lastKnownFileType = sourcecode.swift; path = MyView.swift; sourceTree = "<group>"; };
		945C203A1E2ACB410004DE2E /* MyView.Normal.swift */ = {isa = PBXFileReference; fileEncoding = 4; lastKnownFileType = sourcecode.swift; path = MyView.Normal.swift; sourceTree = "<group>"; };
		945C203C1E2ACC490004DE2E /* MyView.Highlighted.swift */ = {isa = PBXFileReference; fileEncoding = 4; lastKnownFileType = sourcecode.swift; path = MyView.Highlighted.swift; sourceTree = "<group>"; };
		945C203E1E2ACC8F0004DE2E /* MyView.Disabled.swift */ = {isa = PBXFileReference; fileEncoding = 4; lastKnownFileType = sourcecode.swift; path = MyView.Disabled.swift; sourceTree = "<group>"; };
		94FAE3391E102FD7009706A0 /* ViewState.swift */ = {isa = PBXFileReference; fileEncoding = 4; lastKnownFileType = sourcecode.swift; path = ViewState.swift; sourceTree = "<group>"; };
		94FAE33D1E10329A009706A0 /* StateCtrl.swift */ = {isa = PBXFileReference; fileEncoding = 4; lastKnownFileType = sourcecode.swift; path = StateCtrl.swift; sourceTree = "<group>"; };
		D21A9606F2A231FFCCDB1994 /* Main.swift */ = {isa = PBXFileReference; includeInIndex = 1; lastKnownFileType = sourcecode.swift; path = Main.swift; sourceTree = "<group>"; };
/* End PBXFileReference section */

/* Begin PBXFrameworksBuildPhase section */
		4B7C54F379B313E340B9E322 /* Frameworks */ = {
			isa = PBXFrameworksBuildPhase;
			buildActionMask = 2147483647;
			files = (
				7B8F605282EE0069FF96CCEC /* Foundation.framework in Frameworks */,
				3E5077E26783FA34042273ED /* UIKit.framework in Frameworks */,
			);
			runOnlyForDeploymentPostprocessing = 0;
		};
		EDA04D4AA542A2A1DAA1F680 /* Frameworks */ = {
			isa = PBXFrameworksBuildPhase;
			buildActionMask = 2147483647;
			files = (
				D04534830BDAE7D64DA2AED7 /* Foundation.framework in Frameworks */,
				5B3869AB93BCFBEB916A9A94 /* UIKit.framework in Frameworks */,
			);
			runOnlyForDeploymentPostprocessing = 0;
		};
/* End PBXFrameworksBuildPhase section */

/* Begin PBXGroup section */
		1A1E3F8616438F908F0CCAC1 = {
			isa = PBXGroup;
			children = (
				32257AD502C51258D0D25858 /* Products */,
				549494200CB6500B977BD695 /* Tst */,
				B862B84F2298A0BCEA456373 /* Src */,
				5ACC013F83E3878F3A656E2E /* Src-Extra */,
				56FC7398433B21FD3C8E2A94 /* Frameworks */,
			);
			sourceTree = "<group>";
		};
		32257AD502C51258D0D25858 /* Products */ = {
			isa = PBXGroup;
			children = (
				0AAEA24285B7362805CE36DE /* MKHViewStateTst.xctest */,
				1BC20771415FE04771603E40 /* MKHViewState. */,
			);
			name = Products;
			sourceTree = "<group>";
		};
		3EA3C4474C025A33F737BCAE /* iOS */ = {
			isa = PBXGroup;
			children = (
				3CFA55C2B17FFE6789F1B8C1 /* Foundation.framework */,
				50AB9958D55288E3A7070D02 /* UIKit.framework */,
			);
			name = iOS;
			sourceTree = "<group>";
		};
		549494200CB6500B977BD695 /* Tst */ = {
			isa = PBXGroup;
			children = (
				D21A9606F2A231FFCCDB1994 /* Main.swift */,
				945C20361E2ACABB0004DE2E /* Spec */,
			);
			path = Tst;
			sourceTree = "<group>";
		};
		56FC7398433B21FD3C8E2A94 /* Frameworks */ = {
			isa = PBXGroup;
			children = (
				3EA3C4474C025A33F737BCAE /* iOS */,
			);
			name = Frameworks;
			sourceTree = "<group>";
		};
		5ACC013F83E3878F3A656E2E /* Src-Extra */ = {
			isa = PBXGroup;
			children = (
				096FB6DA6B72666B82F0DE04 /* MKHViewState.h */,
			);
			path = "Src-Extra";
			sourceTree = "<group>";
		};
		945C20361E2ACABB0004DE2E /* Spec */ = {
			isa = PBXGroup;
			children = (
				945C20371E2ACACC0004DE2E /* MyView.swift */,
				945C203A1E2ACB410004DE2E /* MyView.Normal.swift */,
				945C203C1E2ACC490004DE2E /* MyView.Highlighted.swift */,
				945C203E1E2ACC8F0004DE2E /* MyView.Disabled.swift */,
			);
			path = Spec;
			sourceTree = "<group>";
		};
		B862B84F2298A0BCEA456373 /* Src */ = {
			isa = PBXGroup;
			children = (
				94FAE3391E102FD7009706A0 /* ViewState.swift */,
				94FAE33D1E10329A009706A0 /* StateCtrl.swift */,
				945C20321E2A576B0004DE2E /* DiscreteSystem.swift */,
			);
			path = Src;
			sourceTree = "<group>";
		};
/* End PBXGroup section */

/* Begin PBXNativeTarget section */
		940C59C3130E0D21705CD28B /* MKHViewStateTst */ = {
			isa = PBXNativeTarget;
			buildConfigurationList = 403087F531F12B8E9994EF1D /* Build configuration list for PBXNativeTarget "MKHViewStateTst" */;
			buildPhases = (
				854103F4EC97FF814B6BFF48 /* Sources */,
				EDA04D4AA542A2A1DAA1F680 /* Frameworks */,
			);
			buildRules = (
			);
			dependencies = (
			);
			name = MKHViewStateTst;
			productName = MKHViewStateTst;
			productReference = 0AAEA24285B7362805CE36DE /* MKHViewStateTst.xctest */;
			productType = "com.apple.product-type.bundle.unit-test";
		};
		EF798269EDC5F3DC1032295B /* MKHViewState */ = {
			isa = PBXNativeTarget;
			buildConfigurationList = 253F66E74FB35E6CA4BECFA9 /* Build configuration list for PBXNativeTarget "MKHViewState" */;
			buildPhases = (
				968031298E1E4478C78F3F2A /* Sources */,
				4B7C54F379B313E340B9E322 /* Frameworks */,
			);
			buildRules = (
			);
			dependencies = (
			);
			name = MKHViewState;
			productName = MKHViewState;
			productReference = 1BC20771415FE04771603E40 /* MKHViewState. */;
			productType = "com.apple.product-type.framework";
		};
/* End PBXNativeTarget section */

/* Begin PBXProject section */
		2F338543E0EB0B4ECE29CC75 /* Project object */ = {
			isa = PBXProject;
			attributes = {
				CLASSPREFIX = VST;
				LastSwiftUpdateCheck = 0730;
				LastUpgradeCheck = 0700;
				ORGANIZATIONNAME = "Maxim Khatskevich";
				TargetAttributes = {
					940C59C3130E0D21705CD28B = {
						DevelopmentTeam = UJA88X59XP;
					};
					EF798269EDC5F3DC1032295B = {
						DevelopmentTeam = UJA88X59XP;
					};
				};
			};
			buildConfigurationList = C6D497BD05F39D472CE75BB1 /* Build configuration list for PBXProject "MKHViewState" */;
			compatibilityVersion = "Xcode 3.2";
			developmentRegion = English;
			hasScannedForEncodings = 0;
			knownRegions = (
				en,
			);
			mainGroup = 1A1E3F8616438F908F0CCAC1;
			productRefGroup = 32257AD502C51258D0D25858 /* Products */;
			projectDirPath = "";
			projectRoot = "";
			targets = (
				940C59C3130E0D21705CD28B /* MKHViewStateTst */,
				EF798269EDC5F3DC1032295B /* MKHViewState */,
			);
		};
/* End PBXProject section */

/* Begin PBXSourcesBuildPhase section */
		854103F4EC97FF814B6BFF48 /* Sources */ = {
			isa = PBXSourcesBuildPhase;
			buildActionMask = 2147483647;
			files = (
				945C20391E2ACAEB0004DE2E /* MyView.swift in Sources */,
				B5E7581830AE943E755AEE7D /* Main.swift in Sources */,
				945C203F1E2ACC8F0004DE2E /* MyView.Disabled.swift in Sources */,
				945C203B1E2ACB410004DE2E /* MyView.Normal.swift in Sources */,
				945C203D1E2ACC490004DE2E /* MyView.Highlighted.swift in Sources */,
			);
			runOnlyForDeploymentPostprocessing = 0;
		};
		968031298E1E4478C78F3F2A /* Sources */ = {
			isa = PBXSourcesBuildPhase;
			buildActionMask = 2147483647;
			files = (
				94FAE33E1E10329A009706A0 /* StateCtrl.swift in Sources */,
				945C20331E2A576B0004DE2E /* DiscreteSystem.swift in Sources */,
				94FAE33A1E102FD7009706A0 /* ViewState.swift in Sources */,
			);
			runOnlyForDeploymentPostprocessing = 0;
		};
/* End PBXSourcesBuildPhase section */

/* Begin XCBuildConfiguration section */
		5858491EF58C50366FA817CB /* Release */ = {
			isa = XCBuildConfiguration;
			buildSettings = {
				"CODE_SIGN_IDENTITY[sdk=iphoneos*]" = "";
				CURRENT_PROJECT_VERSION = 5;
				DEBUG_INFORMATION_FORMAT = "dwarf-with-dsym";
				DEFINES_MODULE = YES;
				DEVELOPMENT_TEAM = UJA88X59XP;
				DYLIB_COMPATIBILITY_VERSION = 1;
				DYLIB_CURRENT_VERSION = 5;
				DYLIB_INSTALL_NAME_BASE = "@rpath";
				ENABLE_STRICT_OBJC_MSGSEND = YES;
				GCC_NO_COMMON_BLOCKS = YES;
				INFOPLIST_FILE = Info/MKHViewState.plist;
				INSTALL_PATH = "$(LOCAL_LIBRARY_DIR)/Frameworks";
				IPHONEOS_DEPLOYMENT_TARGET = 8.0;
				LD_RUNPATH_SEARCH_PATHS = "$(inherited) @executable_path/Frameworks @loader_path/Frameworks";
				MTL_ENABLE_DEBUG_INFO = NO;
				PRODUCT_BUNDLE_IDENTIFIER = khatskevich.maxim.MKHViewState;
				PRODUCT_NAME = "$(TARGET_NAME)";
				SDKROOT = iphoneos;
				SKIP_INSTALL = YES;
				SWIFT_VERSION = 3.0;
				TARGETED_DEVICE_FAMILY = "1,2";
				VERSIONING_SYSTEM = "apple-generic";
				VERSION_INFO_PREFIX = "";
			};
			name = Release;
		};
		82D0D6C466FB39CB3843E54C /* Release */ = {
			isa = XCBuildConfiguration;
			buildSettings = {
				"CODE_SIGN_IDENTITY[sdk=iphoneos*]" = "";
				DEBUG_INFORMATION_FORMAT = "dwarf-with-dsym";
				DEVELOPMENT_TEAM = UJA88X59XP;
				ENABLE_STRICT_OBJC_MSGSEND = YES;
				GCC_NO_COMMON_BLOCKS = YES;
				INFOPLIST_FILE = Info/MKHViewStateTst.plist;
				IPHONEOS_DEPLOYMENT_TARGET = 8.0;
				LD_RUNPATH_SEARCH_PATHS = "$(inherited) @executable_path/Frameworks @loader_path/Frameworks";
				MTL_ENABLE_DEBUG_INFO = NO;
				PRODUCT_BUNDLE_IDENTIFIER = khatskevich.maxim.MKHViewStateTst;
				PRODUCT_NAME = "$(TARGET_NAME)";
				SDKROOT = iphoneos;
				SWIFT_VERSION = 3.0;
			};
			name = Release;
		};
		8CF603775499CB15CD053199 /* Debug */ = {
			isa = XCBuildConfiguration;
			buildSettings = {
				"CODE_SIGN_IDENTITY[sdk=iphoneos*]" = "";
				DEBUG_INFORMATION_FORMAT = dwarf;
				DEVELOPMENT_TEAM = UJA88X59XP;
				ENABLE_STRICT_OBJC_MSGSEND = YES;
				GCC_NO_COMMON_BLOCKS = YES;
				INFOPLIST_FILE = Info/MKHViewStateTst.plist;
				IPHONEOS_DEPLOYMENT_TARGET = 8.0;
				LD_RUNPATH_SEARCH_PATHS = "$(inherited) @executable_path/Frameworks @loader_path/Frameworks";
				MTL_ENABLE_DEBUG_INFO = YES;
				PRODUCT_BUNDLE_IDENTIFIER = khatskevich.maxim.MKHViewStateTst;
				PRODUCT_NAME = "$(TARGET_NAME)";
				SDKROOT = iphoneos;
				SWIFT_OPTIMIZATION_LEVEL = "-Onone";
				SWIFT_VERSION = 3.0;
			};
			name = Debug;
		};
		9B49FD8C6EDFC5AB18E1BD60 /* Debug */ = {
			isa = XCBuildConfiguration;
			buildSettings = {
				ALWAYS_SEARCH_USER_PATHS = NO;
				CLANG_ANALYZER_NONNULL = YES;
				CLANG_CXX_LANGUAGE_STANDARD = "gnu++0x";
				CLANG_CXX_LIBRARY = "libc++";
				CLANG_ENABLE_MODULES = YES;
				CLANG_ENABLE_OBJC_ARC = YES;
				CLANG_WARN_BOOL_CONVERSION = YES;
				CLANG_WARN_CONSTANT_CONVERSION = YES;
				CLANG_WARN_DIRECT_OBJC_ISA_USAGE = YES_ERROR;
				CLANG_WARN_EMPTY_BODY = YES;
				CLANG_WARN_ENUM_CONVERSION = YES;
				CLANG_WARN_INFINITE_RECURSION = YES;
				CLANG_WARN_INT_CONVERSION = YES;
				CLANG_WARN_OBJC_ROOT_CLASS = YES_ERROR;
				CLANG_WARN_SUSPICIOUS_MOVE = YES;
				CLANG_WARN_UNREACHABLE_CODE = YES;
				CLANG_WARN__DUPLICATE_METHOD_MATCH = YES;
				"CODE_SIGN_IDENTITY[sdk=iphoneos*]" = "";
				COPY_PHASE_STRIP = NO;
				CURRENT_PROJECT_VERSION = 5;
				DEBUG_INFORMATION_FORMAT = dwarf;
				ENABLE_STRICT_OBJC_MSGSEND = YES;
				ENABLE_TESTABILITY = YES;
				GCC_C_LANGUAGE_STANDARD = gnu99;
				GCC_DYNAMIC_NO_PIC = NO;
				GCC_NO_COMMON_BLOCKS = YES;
				GCC_OPTIMIZATION_LEVEL = 0;
				GCC_PREPROCESSOR_DEFINITIONS = (
					"DEBUG=1",
					"$(inherited)",
				);
				GCC_SYMBOLS_PRIVATE_EXTERN = NO;
				GCC_WARN_64_TO_32_BIT_CONVERSION = YES;
				GCC_WARN_ABOUT_RETURN_TYPE = YES_ERROR;
				GCC_WARN_UNDECLARED_SELECTOR = YES;
				GCC_WARN_UNINITIALIZED_AUTOS = YES_AGGRESSIVE;
				GCC_WARN_UNUSED_FUNCTION = YES;
				GCC_WARN_UNUSED_VARIABLE = YES;
				IPHONEOS_DEPLOYMENT_TARGET = 8.0;
				ONLY_ACTIVE_ARCH = YES;
				SDKROOT = iphoneos;
				SWIFT_OPTIMIZATION_LEVEL = "-Onone";
				TARGETED_DEVICE_FAMILY = "1,2";
				VERSIONING_SYSTEM = "apple-generic";
			};
			name = Debug;
		};
		A50B692528E475E1301E0DD1 /* Release */ = {
			isa = XCBuildConfiguration;
			buildSettings = {
				ALWAYS_SEARCH_USER_PATHS = NO;
				CLANG_ANALYZER_NONNULL = YES;
				CLANG_CXX_LANGUAGE_STANDARD = "gnu++0x";
				CLANG_CXX_LIBRARY = "libc++";
				CLANG_ENABLE_MODULES = YES;
				CLANG_ENABLE_OBJC_ARC = YES;
				CLANG_WARN_BOOL_CONVERSION = YES;
				CLANG_WARN_CONSTANT_CONVERSION = YES;
				CLANG_WARN_DIRECT_OBJC_ISA_USAGE = YES_ERROR;
				CLANG_WARN_EMPTY_BODY = YES;
				CLANG_WARN_ENUM_CONVERSION = YES;
				CLANG_WARN_INFINITE_RECURSION = YES;
				CLANG_WARN_INT_CONVERSION = YES;
				CLANG_WARN_OBJC_ROOT_CLASS = YES_ERROR;
				CLANG_WARN_SUSPICIOUS_MOVE = YES;
				CLANG_WARN_UNREACHABLE_CODE = YES;
				CLANG_WARN__DUPLICATE_METHOD_MATCH = YES;
				"CODE_SIGN_IDENTITY[sdk=iphoneos*]" = "";
				COPY_PHASE_STRIP = YES;
				CURRENT_PROJECT_VERSION = 5;
				DEBUG_INFORMATION_FORMAT = "dwarf-with-dsym";
				ENABLE_NS_ASSERTIONS = NO;
				ENABLE_STRICT_OBJC_MSGSEND = YES;
				GCC_C_LANGUAGE_STANDARD = gnu99;
				GCC_NO_COMMON_BLOCKS = YES;
				GCC_WARN_64_TO_32_BIT_CONVERSION = YES;
				GCC_WARN_ABOUT_RETURN_TYPE = YES_ERROR;
				GCC_WARN_UNDECLARED_SELECTOR = YES;
				GCC_WARN_UNINITIALIZED_AUTOS = YES_AGGRESSIVE;
				GCC_WARN_UNUSED_FUNCTION = YES;
				GCC_WARN_UNUSED_VARIABLE = YES;
				IPHONEOS_DEPLOYMENT_TARGET = 8.0;
				SDKROOT = iphoneos;
				SWIFT_OPTIMIZATION_LEVEL = "-Owholemodule";
				TARGETED_DEVICE_FAMILY = "1,2";
				VALIDATE_PRODUCT = YES;
				VERSIONING_SYSTEM = "apple-generic";
			};
			name = Release;
		};
		BA2D62AC107E6B5E837EC9BB /* Debug */ = {
			isa = XCBuildConfiguration;
			buildSettings = {
				"CODE_SIGN_IDENTITY[sdk=iphoneos*]" = "";
				CURRENT_PROJECT_VERSION = 5;
				DEBUG_INFORMATION_FORMAT = dwarf;
				DEFINES_MODULE = YES;
				DEVELOPMENT_TEAM = UJA88X59XP;
				DYLIB_COMPATIBILITY_VERSION = 1;
				DYLIB_CURRENT_VERSION = 5;
				DYLIB_INSTALL_NAME_BASE = "@rpath";
				ENABLE_STRICT_OBJC_MSGSEND = YES;
				GCC_NO_COMMON_BLOCKS = YES;
				INFOPLIST_FILE = Info/MKHViewState.plist;
				INSTALL_PATH = "$(LOCAL_LIBRARY_DIR)/Frameworks";
				IPHONEOS_DEPLOYMENT_TARGET = 8.0;
				LD_RUNPATH_SEARCH_PATHS = "$(inherited) @executable_path/Frameworks @loader_path/Frameworks";
				MTL_ENABLE_DEBUG_INFO = YES;
				PRODUCT_BUNDLE_IDENTIFIER = khatskevich.maxim.MKHViewState;
				PRODUCT_NAME = "$(TARGET_NAME)";
				SDKROOT = iphoneos;
				SKIP_INSTALL = YES;
				SWIFT_OPTIMIZATION_LEVEL = "-Onone";
				SWIFT_VERSION = 3.0;
				TARGETED_DEVICE_FAMILY = "1,2";
				VERSIONING_SYSTEM = "apple-generic";
				VERSION_INFO_PREFIX = "";
			};
			name = Debug;
		};
/* End XCBuildConfiguration section */

/* Begin XCConfigurationList section */
		253F66E74FB35E6CA4BECFA9 /* Build configuration list for PBXNativeTarget "MKHViewState" */ = {
			isa = XCConfigurationList;
			buildConfigurations = (
				BA2D62AC107E6B5E837EC9BB /* Debug */,
				5858491EF58C50366FA817CB /* Release */,
			);
			defaultConfigurationIsVisible = 0;
			defaultConfigurationName = Release;
		};
		403087F531F12B8E9994EF1D /* Build configuration list for PBXNativeTarget "MKHViewStateTst" */ = {
			isa = XCConfigurationList;
			buildConfigurations = (
				8CF603775499CB15CD053199 /* Debug */,
				82D0D6C466FB39CB3843E54C /* Release */,
			);
			defaultConfigurationIsVisible = 0;
			defaultConfigurationName = Release;
		};
		C6D497BD05F39D472CE75BB1 /* Build configuration list for PBXProject "MKHViewState" */ = {
			isa = XCConfigurationList;
			buildConfigurations = (
				9B49FD8C6EDFC5AB18E1BD60 /* Debug */,
				A50B692528E475E1301E0DD1 /* Release */,
			);
			defaultConfigurationIsVisible = 0;
			defaultConfigurationName = Release;
		};
/* End XCConfigurationList section */
	};
	rootObject = 2F338543E0EB0B4ECE29CC75 /* Project object */;
}
