// !$*UTF8*$!
{
	archiveVersion = 1;
	classes = {
	};
	objectVersion = 46;
	objects = {

/* Begin PBXBuildFile section */
		03B30221FA178103C26F5FB5 /* Pods_Tests.framework in Frameworks */ = {isa = PBXBuildFile; fileRef = A34F75BBF830D9C9B29E4370 /* Pods_Tests.framework */; };
		06A4712A92ED64B75C83B0A9 /* Pods_Fwk.framework in Frameworks */ = {isa = PBXBuildFile; fileRef = 8D5BE9752B066B82B360FD3D /* Pods_Fwk.framework */; };
		1A2074412402793ED583F9FF /* State.swift in Sources */ = {isa = PBXBuildFile; fileRef = BFAC22E390918AF84FF6DB70 /* State.swift */; };
		1CF3AD58729DA6EE7DEAC045 /* Stateful.swift in Sources */ = {isa = PBXBuildFile; fileRef = F92188A26210CDB8AB30B8DD /* Stateful.swift */; };
		20D55FE5D669D9E40FD68067 /* Foundation.framework in Frameworks */ = {isa = PBXBuildFile; fileRef = 93C2E431D2CF02D9F7DE2FAE /* Foundation.framework */; };
		2AD5A144C5F34B3D3A30FDF1 /* Queue.swift in Sources */ = {isa = PBXBuildFile; fileRef = 347DD8D1B17954579A0F806D /* Queue.swift */; };
		2E10F062A69E9CDCAB785B83 /* DispatcherWrapper.swift in Sources */ = {isa = PBXBuildFile; fileRef = 7F64E10A0DB068137AD6E8EC /* DispatcherWrapper.swift */; };
		3BC21A8566C191F6D9CBDC16 /* Dispatcher.swift in Sources */ = {isa = PBXBuildFile; fileRef = BDAD1491E9E71B3EFE3A887C /* Dispatcher.swift */; };
		4A9507ADE3BED09E0214E44D /* Dispatcher+Core.swift in Sources */ = {isa = PBXBuildFile; fileRef = 1C769848C58FC75AB69834AE /* Dispatcher+Core.swift */; };
		8FC7DBDAD4D9A4234450659C /* DeferredTransition.swift in Sources */ = {isa = PBXBuildFile; fileRef = 17A43EEACE3010E2738D578F /* DeferredTransition.swift */; };
		942D9DE71EFF0E01004BA114 /* GlobalAliases.swift in Sources */ = {isa = PBXBuildFile; fileRef = 942D9DE61EFF0E01004BA114 /* GlobalAliases.swift */; };
		A7E49D641CB68F681D67FA29 /* StatefulTests.swift in Sources */ = {isa = PBXBuildFile; fileRef = 1821370172FB8DD76D97F65F /* StatefulTests.swift */; };
		C35733626DD991F4846C94C3 /* Dispatcher+processing.swift in Sources */ = {isa = PBXBuildFile; fileRef = 4A7C66AF3D9B106D736DD0C4 /* Dispatcher+processing.swift */; };
		C910C7097BB79B7229CDB160 /* Foundation.framework in Frameworks */ = {isa = PBXBuildFile; fileRef = 93C2E431D2CF02D9F7DE2FAE /* Foundation.framework */; };
		E850F1852F007D2762B81249 /* Transition.swift in Sources */ = {isa = PBXBuildFile; fileRef = A867702BCB412246C6F989C5 /* Transition.swift */; };
		FD6D8EE2018716C2FE432F78 /* MyView.swift in Sources */ = {isa = PBXBuildFile; fileRef = E71F3BDDE354612CAAB911AE /* MyView.swift */; };
/* End PBXBuildFile section */

/* Begin PBXContainerItemProxy section */
		7404F531C44E38388F25E5F4 /* PBXContainerItemProxy */ = {
			isa = PBXContainerItemProxy;
			containerPortal = ABC5F5BE053EA704B8E8A3D8 /* Project object */;
			proxyType = 1;
			remoteGlobalIDString = E2A73DFFB4F45949656AB8BF;
			remoteInfo = Fwk;
		};
/* End PBXContainerItemProxy section */

/* Begin PBXCopyFilesBuildPhase section */
		101BBEE1CD70B6C1095C2161 /* Embed Frameworks */ = {
			isa = PBXCopyFilesBuildPhase;
			buildActionMask = 2147483647;
			dstPath = "";
			dstSubfolderSpec = 10;
			files = (
			);
			name = "Embed Frameworks";
			runOnlyForDeploymentPostprocessing = 0;
		};
		173A54A5C3AA9C457068EC9D /* Embed Frameworks */ = {
			isa = PBXCopyFilesBuildPhase;
			buildActionMask = 2147483647;
			dstPath = "";
			dstSubfolderSpec = 10;
			files = (
			);
			name = "Embed Frameworks";
			runOnlyForDeploymentPostprocessing = 0;
		};
/* End PBXCopyFilesBuildPhase section */

/* Begin PBXFileReference section */
		09A637AB6D8FD3CE022CC8BB /* Tests.xctest */ = {isa = PBXFileReference; explicitFileType = wrapper.cfbundle; includeInIndex = 0; path = Tests.xctest; sourceTree = BUILT_PRODUCTS_DIR; };
		17A43EEACE3010E2738D578F /* DeferredTransition.swift */ = {isa = PBXFileReference; includeInIndex = 1; lastKnownFileType = sourcecode.swift; path = DeferredTransition.swift; sourceTree = "<group>"; };
		1821370172FB8DD76D97F65F /* StatefulTests.swift */ = {isa = PBXFileReference; includeInIndex = 1; lastKnownFileType = sourcecode.swift; path = StatefulTests.swift; sourceTree = "<group>"; };
		1C769848C58FC75AB69834AE /* Dispatcher+Core.swift */ = {isa = PBXFileReference; includeInIndex = 1; lastKnownFileType = sourcecode.swift; path = "Dispatcher+Core.swift"; sourceTree = "<group>"; };
		3243FB73799FE65C3B759633 /* Pods-Tests.release.xcconfig */ = {isa = PBXFileReference; includeInIndex = 1; lastKnownFileType = text.xcconfig; name = "Pods-Tests.release.xcconfig"; path = "Pods/Target Support Files/Pods-Tests/Pods-Tests.release.xcconfig"; sourceTree = "<group>"; };
		347DD8D1B17954579A0F806D /* Queue.swift */ = {isa = PBXFileReference; includeInIndex = 1; lastKnownFileType = sourcecode.swift; path = Queue.swift; sourceTree = "<group>"; };
		4A7C66AF3D9B106D736DD0C4 /* Dispatcher+processing.swift */ = {isa = PBXFileReference; includeInIndex = 1; lastKnownFileType = sourcecode.swift; path = "Dispatcher+processing.swift"; sourceTree = "<group>"; };
		6DD4A93C6EC8FFB316309B96 /* Pods-Fwk.debug.xcconfig */ = {isa = PBXFileReference; includeInIndex = 1; lastKnownFileType = text.xcconfig; name = "Pods-Fwk.debug.xcconfig"; path = "Pods/Target Support Files/Pods-Fwk/Pods-Fwk.debug.xcconfig"; sourceTree = "<group>"; };
		7E91B3AE221CD3B2DFC4EC38 /* Pods-Fwk.release.xcconfig */ = {isa = PBXFileReference; includeInIndex = 1; lastKnownFileType = text.xcconfig; name = "Pods-Fwk.release.xcconfig"; path = "Pods/Target Support Files/Pods-Fwk/Pods-Fwk.release.xcconfig"; sourceTree = "<group>"; };
		7F64E10A0DB068137AD6E8EC /* DispatcherWrapper.swift */ = {isa = PBXFileReference; includeInIndex = 1; lastKnownFileType = sourcecode.swift; path = DispatcherWrapper.swift; sourceTree = "<group>"; };
		8D5BE9752B066B82B360FD3D /* Pods_Fwk.framework */ = {isa = PBXFileReference; explicitFileType = wrapper.framework; includeInIndex = 0; path = Pods_Fwk.framework; sourceTree = BUILT_PRODUCTS_DIR; };
		93C2E431D2CF02D9F7DE2FAE /* Foundation.framework */ = {isa = PBXFileReference; lastKnownFileType = wrapper.framework; name = Foundation.framework; path = Platforms/iPhoneOS.platform/Developer/SDKs/iPhoneOS10.3.sdk/System/Library/Frameworks/Foundation.framework; sourceTree = DEVELOPER_DIR; };
		942D9DE61EFF0E01004BA114 /* GlobalAliases.swift */ = {isa = PBXFileReference; fileEncoding = 4; lastKnownFileType = sourcecode.swift; path = GlobalAliases.swift; sourceTree = "<group>"; };
		A31E120F02DE62163E40FFCB /* Pods-Tests.debug.xcconfig */ = {isa = PBXFileReference; includeInIndex = 1; lastKnownFileType = text.xcconfig; name = "Pods-Tests.debug.xcconfig"; path = "Pods/Target Support Files/Pods-Tests/Pods-Tests.debug.xcconfig"; sourceTree = "<group>"; };
		A34F75BBF830D9C9B29E4370 /* Pods_Tests.framework */ = {isa = PBXFileReference; explicitFileType = wrapper.framework; includeInIndex = 0; path = Pods_Tests.framework; sourceTree = BUILT_PRODUCTS_DIR; };
		A867702BCB412246C6F989C5 /* Transition.swift */ = {isa = PBXFileReference; includeInIndex = 1; lastKnownFileType = sourcecode.swift; path = Transition.swift; sourceTree = "<group>"; };
		BAD3BF54C1B2D27BC75E26B6 /* Fwk.framework */ = {isa = PBXFileReference; explicitFileType = wrapper.framework; includeInIndex = 0; name = Fwk.framework; path = XCEFunctionalState.framework; sourceTree = BUILT_PRODUCTS_DIR; };
		BDAD1491E9E71B3EFE3A887C /* Dispatcher.swift */ = {isa = PBXFileReference; includeInIndex = 1; lastKnownFileType = sourcecode.swift; path = Dispatcher.swift; sourceTree = "<group>"; };
		BFAC22E390918AF84FF6DB70 /* State.swift */ = {isa = PBXFileReference; includeInIndex = 1; lastKnownFileType = sourcecode.swift; path = State.swift; sourceTree = "<group>"; };
		E71F3BDDE354612CAAB911AE /* MyView.swift */ = {isa = PBXFileReference; includeInIndex = 1; lastKnownFileType = sourcecode.swift; path = MyView.swift; sourceTree = "<group>"; };
		F92188A26210CDB8AB30B8DD /* Stateful.swift */ = {isa = PBXFileReference; includeInIndex = 1; lastKnownFileType = sourcecode.swift; path = Stateful.swift; sourceTree = "<group>"; };
/* End PBXFileReference section */

/* Begin PBXFrameworksBuildPhase section */
		2B903CBE72ABC0894FFA4965 /* Frameworks */ = {
			isa = PBXFrameworksBuildPhase;
			buildActionMask = 2147483647;
			files = (
				C910C7097BB79B7229CDB160 /* Foundation.framework in Frameworks */,
				03B30221FA178103C26F5FB5 /* Pods_Tests.framework in Frameworks */,
			);
			runOnlyForDeploymentPostprocessing = 0;
		};
		E33040166D6815941C8B82E1 /* Frameworks */ = {
			isa = PBXFrameworksBuildPhase;
			buildActionMask = 2147483647;
			files = (
				20D55FE5D669D9E40FD68067 /* Foundation.framework in Frameworks */,
				06A4712A92ED64B75C83B0A9 /* Pods_Fwk.framework in Frameworks */,
			);
			runOnlyForDeploymentPostprocessing = 0;
		};
/* End PBXFrameworksBuildPhase section */

/* Begin PBXGroup section */
		19B2A24AD98D74EF0A35DFD6 /* Stateful */ = {
			isa = PBXGroup;
			children = (
				F92188A26210CDB8AB30B8DD /* Stateful.swift */,
			);
			path = Stateful;
			sourceTree = "<group>";
		};
		19BDCC0E0754C3D0020802A2 /* Frameworks */ = {
			isa = PBXGroup;
			children = (
				53BBC041FCA8009DA16DC21A /* iOS */,
				3B4E0B64AC21B1E474C40A1D /* $local */,
				8D5BE9752B066B82B360FD3D /* Pods_Fwk.framework */,
				A34F75BBF830D9C9B29E4370 /* Pods_Tests.framework */,
			);
			name = Frameworks;
			sourceTree = "<group>";
		};
		2042D5192A73754E3A9CE385 /* Tests */ = {
			isa = PBXGroup;
			children = (
				1821370172FB8DD76D97F65F /* StatefulTests.swift */,
				D9DD11EA6D264FD07FBAAFE7 /* Spec */,
			);
			path = Tests;
			sourceTree = SOURCE_ROOT;
		};
		3B4E0B64AC21B1E474C40A1D /* $local */ = {
			isa = PBXGroup;
			children = (
			);
			name = $local;
			sourceTree = "<group>";
		};
		3E032CB771A0502AFDA8C88F = {
			isa = PBXGroup;
			children = (
				ECF9A7A3CE7AC27719DBD882 /* Products */,
				19BDCC0E0754C3D0020802A2 /* Frameworks */,
				658648A92BBD5A90A5C21B5C /* Sources */,
				2042D5192A73754E3A9CE385 /* Tests */,
				CE5D34E42B7DF5D398F23FE1 /* Pods */,
			);
			sourceTree = "<group>";
		};
		53BBC041FCA8009DA16DC21A /* iOS */ = {
			isa = PBXGroup;
			children = (
				93C2E431D2CF02D9F7DE2FAE /* Foundation.framework */,
			);
			name = iOS;
			sourceTree = "<group>";
		};
		658648A92BBD5A90A5C21B5C /* Sources */ = {
			isa = PBXGroup;
			children = (
				BCA17055A33B6FAD26D9D3B6 /* Misc */,
				8F00566C457FBF22689DEAC0 /* State */,
				BD78E237A1D394493B4F4DE2 /* Transition */,
				EB08213C25B094C5633F3856 /* Dispatcher */,
				19B2A24AD98D74EF0A35DFD6 /* Stateful */,
			);
			path = Sources;
			sourceTree = SOURCE_ROOT;
		};
		8F00566C457FBF22689DEAC0 /* State */ = {
			isa = PBXGroup;
			children = (
				BFAC22E390918AF84FF6DB70 /* State.swift */,
			);
			path = State;
			sourceTree = "<group>";
		};
		BCA17055A33B6FAD26D9D3B6 /* Misc */ = {
			isa = PBXGroup;
			children = (
				347DD8D1B17954579A0F806D /* Queue.swift */,
				942D9DE61EFF0E01004BA114 /* GlobalAliases.swift */,
			);
			path = Misc;
			sourceTree = "<group>";
		};
		BD78E237A1D394493B4F4DE2 /* Transition */ = {
			isa = PBXGroup;
			children = (
				A867702BCB412246C6F989C5 /* Transition.swift */,
				17A43EEACE3010E2738D578F /* DeferredTransition.swift */,
			);
			path = Transition;
			sourceTree = "<group>";
		};
		CE5D34E42B7DF5D398F23FE1 /* Pods */ = {
			isa = PBXGroup;
			children = (
				6DD4A93C6EC8FFB316309B96 /* Pods-Fwk.debug.xcconfig */,
				7E91B3AE221CD3B2DFC4EC38 /* Pods-Fwk.release.xcconfig */,
				A31E120F02DE62163E40FFCB /* Pods-Tests.debug.xcconfig */,
				3243FB73799FE65C3B759633 /* Pods-Tests.release.xcconfig */,
			);
			name = Pods;
			sourceTree = "<group>";
		};
		D9DD11EA6D264FD07FBAAFE7 /* Spec */ = {
			isa = PBXGroup;
			children = (
				E71F3BDDE354612CAAB911AE /* MyView.swift */,
			);
			path = Spec;
			sourceTree = "<group>";
		};
		EB08213C25B094C5633F3856 /* Dispatcher */ = {
			isa = PBXGroup;
			children = (
				BDAD1491E9E71B3EFE3A887C /* Dispatcher.swift */,
				1C769848C58FC75AB69834AE /* Dispatcher+Core.swift */,
				4A7C66AF3D9B106D736DD0C4 /* Dispatcher+processing.swift */,
				7F64E10A0DB068137AD6E8EC /* DispatcherWrapper.swift */,
			);
			path = Dispatcher;
			sourceTree = "<group>";
		};
		ECF9A7A3CE7AC27719DBD882 /* Products */ = {
			isa = PBXGroup;
			children = (
				BAD3BF54C1B2D27BC75E26B6 /* Fwk.framework */,
				09A637AB6D8FD3CE022CC8BB /* Tests.xctest */,
			);
			name = Products;
			sourceTree = "<group>";
		};
/* End PBXGroup section */

/* Begin PBXNativeTarget section */
		B363222EBADE463D53306550 /* Tests */ = {
			isa = PBXNativeTarget;
			buildConfigurationList = 8B93AC78B148EE25788BFE80 /* Build configuration list for PBXNativeTarget "Tests" */;
			buildPhases = (
				C61CAC14B03B4DAE47EB9435 /* [CP] Check Pods Manifest.lock */,
				3B73F5A34C9A12858ECEBAE9 /* Sources */,
				2B903CBE72ABC0894FFA4965 /* Frameworks */,
				101BBEE1CD70B6C1095C2161 /* Embed Frameworks */,
				4C35716959E7F31FE66226D9 /* [CP] Embed Pods Frameworks */,
				DB12433F5FFD7BD8E2EAB426 /* [CP] Copy Pods Resources */,
			);
			buildRules = (
			);
			dependencies = (
				18AAD3CB1699D05FD929DDA7 /* PBXTargetDependency */,
			);
			name = Tests;
			productName = Tests;
			productReference = 09A637AB6D8FD3CE022CC8BB /* Tests.xctest */;
			productType = "com.apple.product-type.bundle.unit-test";
		};
		E2A73DFFB4F45949656AB8BF /* Fwk */ = {
			isa = PBXNativeTarget;
			buildConfigurationList = 897C541C96FD9E12FF9E600A /* Build configuration list for PBXNativeTarget "Fwk" */;
			buildPhases = (
				2CCD37E8E79CA600D1D59EA1 /* [CP] Check Pods Manifest.lock */,
				9486EF7E1EF8800100E87D78 /* SwiftLint */,
				F254192F3CB9AFBC8A760C70 /* Sources */,
				E33040166D6815941C8B82E1 /* Frameworks */,
				173A54A5C3AA9C457068EC9D /* Embed Frameworks */,
				274D4583BA13ABBF9099001D /* [CP] Copy Pods Resources */,
			);
			buildRules = (
			);
			dependencies = (
			);
			name = Fwk;
			productName = Fwk;
			productReference = BAD3BF54C1B2D27BC75E26B6 /* Fwk.framework */;
			productType = "com.apple.product-type.framework";
		};
/* End PBXNativeTarget section */

/* Begin PBXProject section */
		ABC5F5BE053EA704B8E8A3D8 /* Project object */ = {
			isa = PBXProject;
			attributes = {
				LastSwiftUpdateCheck = 0830;
				LastUpgradeCheck = 0700;
				Struct.Version = 2.0.0;
			};
			buildConfigurationList = 3FD2FA7036A8AC84CD27C70F /* Build configuration list for PBXProject "Main" */;
			compatibilityVersion = "Xcode 3.2";
			developmentRegion = English;
			hasScannedForEncodings = 0;
			knownRegions = (
				en,
			);
			mainGroup = 3E032CB771A0502AFDA8C88F;
			productRefGroup = ECF9A7A3CE7AC27719DBD882 /* Products */;
			projectDirPath = "";
			projectRoot = "";
			targets = (
				E2A73DFFB4F45949656AB8BF /* Fwk */,
				B363222EBADE463D53306550 /* Tests */,
			);
		};
/* End PBXProject section */

/* Begin PBXShellScriptBuildPhase section */
		274D4583BA13ABBF9099001D /* [CP] Copy Pods Resources */ = {
			isa = PBXShellScriptBuildPhase;
			buildActionMask = 2147483647;
			files = (
			);
			inputPaths = (
			);
			name = "[CP] Copy Pods Resources";
			outputPaths = (
			);
			runOnlyForDeploymentPostprocessing = 0;
			shellPath = /bin/sh;
			shellScript = "\"${SRCROOT}/Pods/Target Support Files/Pods-Fwk/Pods-Fwk-resources.sh\"\n";
			showEnvVarsInLog = 0;
		};
		2CCD37E8E79CA600D1D59EA1 /* [CP] Check Pods Manifest.lock */ = {
			isa = PBXShellScriptBuildPhase;
			buildActionMask = 2147483647;
			files = (
			);
			inputPaths = (
			);
			name = "[CP] Check Pods Manifest.lock";
			outputPaths = (
			);
			runOnlyForDeploymentPostprocessing = 0;
			shellPath = /bin/sh;
			shellScript = "diff \"${PODS_PODFILE_DIR_PATH}/Podfile.lock\" \"${PODS_ROOT}/Manifest.lock\" > /dev/null\nif [ $? != 0 ] ; then\n    # print error to STDERR\n    echo \"error: The sandbox is not in sync with the Podfile.lock. Run 'pod install' or update your CocoaPods installation.\" >&2\n    exit 1\nfi\n";
			showEnvVarsInLog = 0;
		};
		4C35716959E7F31FE66226D9 /* [CP] Embed Pods Frameworks */ = {
			isa = PBXShellScriptBuildPhase;
			buildActionMask = 2147483647;
			files = (
			);
			inputPaths = (
			);
			name = "[CP] Embed Pods Frameworks";
			outputPaths = (
			);
			runOnlyForDeploymentPostprocessing = 0;
			shellPath = /bin/sh;
			shellScript = "\"${SRCROOT}/Pods/Target Support Files/Pods-Tests/Pods-Tests-frameworks.sh\"\n";
			showEnvVarsInLog = 0;
		};
		9486EF7E1EF8800100E87D78 /* SwiftLint */ = {
			isa = PBXShellScriptBuildPhase;
			buildActionMask = 2147483647;
			files = (
			);
			inputPaths = (
			);
			name = SwiftLint;
			outputPaths = (
			);
			runOnlyForDeploymentPostprocessing = 0;
			shellPath = /bin/sh;
			shellScript = "if which swiftlint >/dev/null; then\n    swiftlint\nelse\n    echo \"warning: SwiftLint not installed, download from https://github.com/realm/SwiftLint\"\nfi";
		};
		C61CAC14B03B4DAE47EB9435 /* [CP] Check Pods Manifest.lock */ = {
			isa = PBXShellScriptBuildPhase;
			buildActionMask = 2147483647;
			files = (
			);
			inputPaths = (
			);
			name = "[CP] Check Pods Manifest.lock";
			outputPaths = (
			);
			runOnlyForDeploymentPostprocessing = 0;
			shellPath = /bin/sh;
			shellScript = "diff \"${PODS_PODFILE_DIR_PATH}/Podfile.lock\" \"${PODS_ROOT}/Manifest.lock\" > /dev/null\nif [ $? != 0 ] ; then\n    # print error to STDERR\n    echo \"error: The sandbox is not in sync with the Podfile.lock. Run 'pod install' or update your CocoaPods installation.\" >&2\n    exit 1\nfi\n";
			showEnvVarsInLog = 0;
		};
		DB12433F5FFD7BD8E2EAB426 /* [CP] Copy Pods Resources */ = {
			isa = PBXShellScriptBuildPhase;
			buildActionMask = 2147483647;
			files = (
			);
			inputPaths = (
			);
			name = "[CP] Copy Pods Resources";
			outputPaths = (
			);
			runOnlyForDeploymentPostprocessing = 0;
			shellPath = /bin/sh;
			shellScript = "\"${SRCROOT}/Pods/Target Support Files/Pods-Tests/Pods-Tests-resources.sh\"\n";
			showEnvVarsInLog = 0;
		};
/* End PBXShellScriptBuildPhase section */

/* Begin PBXSourcesBuildPhase section */
		3B73F5A34C9A12858ECEBAE9 /* Sources */ = {
			isa = PBXSourcesBuildPhase;
			buildActionMask = 2147483647;
			files = (
				FD6D8EE2018716C2FE432F78 /* MyView.swift in Sources */,
				A7E49D641CB68F681D67FA29 /* StatefulTests.swift in Sources */,
			);
			runOnlyForDeploymentPostprocessing = 0;
		};
		F254192F3CB9AFBC8A760C70 /* Sources */ = {
			isa = PBXSourcesBuildPhase;
			buildActionMask = 2147483647;
			files = (
				4A9507ADE3BED09E0214E44D /* Dispatcher+Core.swift in Sources */,
				C35733626DD991F4846C94C3 /* Dispatcher+processing.swift in Sources */,
				3BC21A8566C191F6D9CBDC16 /* Dispatcher.swift in Sources */,
				2E10F062A69E9CDCAB785B83 /* DispatcherWrapper.swift in Sources */,
				2AD5A144C5F34B3D3A30FDF1 /* Queue.swift in Sources */,
				942D9DE71EFF0E01004BA114 /* GlobalAliases.swift in Sources */,
				1A2074412402793ED583F9FF /* State.swift in Sources */,
				1CF3AD58729DA6EE7DEAC045 /* Stateful.swift in Sources */,
				8FC7DBDAD4D9A4234450659C /* DeferredTransition.swift in Sources */,
				E850F1852F007D2762B81249 /* Transition.swift in Sources */,
			);
			runOnlyForDeploymentPostprocessing = 0;
		};
/* End PBXSourcesBuildPhase section */

/* Begin PBXTargetDependency section */
		18AAD3CB1699D05FD929DDA7 /* PBXTargetDependency */ = {
			isa = PBXTargetDependency;
			name = Fwk;
			target = E2A73DFFB4F45949656AB8BF /* Fwk */;
			targetProxy = 7404F531C44E38388F25E5F4 /* PBXContainerItemProxy */;
		};
/* End PBXTargetDependency section */

/* Begin XCBuildConfiguration section */
		38224A13FDC799B035568639 /* Debug */ = {
			isa = XCBuildConfiguration;
			baseConfigurationReference = A31E120F02DE62163E40FFCB /* Pods-Tests.debug.xcconfig */;
			buildSettings = {
				ALWAYS_EMBED_SWIFT_STANDARD_LIBRARIES = YES;
				BUNDLE_LOADER = "$(TEST_HOST)";
				FRAMEWORK_SEARCH_PATHS = (
					"$(inherited)",
					"$(BUILT_PRODUCTS_DIR)",
				);
				INFOPLIST_FILE = Info/Tst.plist;
				IPHONEOS_DEPLOYMENT_TARGET = 8.0;
				LD_RUNPATH_SEARCH_PATHS = "$(inherited) @executable_path/Frameworks @loader_path/Frameworks";
				MTL_ENABLE_DEBUG_INFO = true;
				PRODUCT_BUNDLE_IDENTIFIER = io.XCEssentials.FunctionalState.Tst;
				PRODUCT_NAME = "$(TARGET_NAME)";
				SDKROOT = iphoneos;
				SWIFT_VERSION = 3.0;
			};
			name = Debug;
		};
		3DF142C24660D1E8151FBAD3 /* Debug */ = {
			isa = XCBuildConfiguration;
			buildSettings = {
				ALWAYS_SEARCH_USER_PATHS = NO;
				CLANG_ANALYZER_NONNULL = YES;
				CLANG_CXX_LANGUAGE_STANDARD = "gnu++0x";
				CLANG_CXX_LIBRARY = "libc++";
				CLANG_ENABLE_MODULES = YES;
				CLANG_ENABLE_OBJC_ARC = YES;
				CLANG_WARN_BOOL_CONVERSION = YES;
				CLANG_WARN_CONSTANT_CONVERSION = YES;
				CLANG_WARN_DIRECT_OBJC_ISA_USAGE = YES_ERROR;
				CLANG_WARN_DOCUMENTATION_COMMENTS = YES;
				CLANG_WARN_EMPTY_BODY = YES;
				CLANG_WARN_ENUM_CONVERSION = YES;
				CLANG_WARN_INFINITE_RECURSION = YES;
				CLANG_WARN_INT_CONVERSION = YES;
				CLANG_WARN_OBJC_ROOT_CLASS = YES_ERROR;
				CLANG_WARN_SUSPICIOUS_MOVE = YES;
				CLANG_WARN_SUSPICIOUS_MOVES = YES;
				CLANG_WARN_UNREACHABLE_CODE = YES;
				CLANG_WARN__DUPLICATE_METHOD_MATCH = YES;
				CODE_SIGN_IDENTITY = "-";
				"CODE_SIGN_IDENTITY[sdk=iphoneos*]" = "iPhone Developer";
				COPY_PHASE_STRIP = NO;
				DEBUG_INFORMATION_FORMAT = dwarf;
				ENABLE_STRICT_OBJC_MSGSEND = YES;
				ENABLE_TESTABILITY = YES;
				GCC_C_LANGUAGE_STANDARD = gnu99;
				GCC_DYNAMIC_NO_PIC = NO;
				GCC_NO_COMMON_BLOCKS = YES;
				GCC_OPTIMIZATION_LEVEL = 0;
				GCC_PREPROCESSOR_DEFINITIONS = (
					"DEBUG=1",
					"$(inherited)",
				);
				GCC_WARN_64_TO_32_BIT_CONVERSION = YES;
				GCC_WARN_ABOUT_RETURN_TYPE = YES_ERROR;
				GCC_WARN_UNDECLARED_SELECTOR = YES;
				GCC_WARN_UNINITIALIZED_AUTOS = YES_AGGRESSIVE;
				GCC_WARN_UNUSED_FUNCTION = YES;
				GCC_WARN_UNUSED_VARIABLE = YES;
				IPHONEOS_DEPLOYMENT_TARGET = 8.0;
				MTL_ENABLE_DEBUG_INFO = YES;
				ONLY_ACTIVE_ARCH = YES;
				SWIFT_ACTIVE_COMPILATION_CONDITIONS = DEBUG;
				SWIFT_OPTIMIZATION_LEVEL = "-Onone";
				SWIFT_VERSION = 3.0;
				VERSIONING_SYSTEM = "apple-generic";
			};
			name = Debug;
		};
		49EB6550D9CADA34AC6F4D30 /* Release */ = {
			isa = XCBuildConfiguration;
			baseConfigurationReference = 7E91B3AE221CD3B2DFC4EC38 /* Pods-Fwk.release.xcconfig */;
			buildSettings = {
				ALWAYS_EMBED_SWIFT_STANDARD_LIBRARIES = YES;
				CURRENT_PROJECT_VERSION = 22;
				DEFINES_MODULE = NO;
				ENABLE_TESTABILITY = YES;
				INFOPLIST_FILE = Info/Fwk.plist;
				INSTALL_PATH = "$(LOCAL_LIBRARY_DIR)/Frameworks";
				IPHONEOS_DEPLOYMENT_TARGET = 8.0;
				LD_RUNPATH_SEARCH_PATHS = "$(inherited) @executable_path/Frameworks";
				PRODUCT_BUNDLE_IDENTIFIER = io.XCEssentials.FunctionalState;
				PRODUCT_NAME = XCEFunctionalState;
				SDKROOT = iphoneos;
				SKIP_INSTALL = YES;
				SWIFT_VERSION = 3.0;
				TARGETED_DEVICE_FAMILY = "1,2";
				VERSIONING_SYSTEM = "apple-generic";
				VERSION_INFO_PREFIX = "";
			};
			name = Release;
		};
		64386F4F1935FA26725E279D /* Release */ = {
			isa = XCBuildConfiguration;
			baseConfigurationReference = 3243FB73799FE65C3B759633 /* Pods-Tests.release.xcconfig */;
			buildSettings = {
				ALWAYS_EMBED_SWIFT_STANDARD_LIBRARIES = YES;
				BUNDLE_LOADER = "$(TEST_HOST)";
				FRAMEWORK_SEARCH_PATHS = (
					"$(inherited)",
					"$(BUILT_PRODUCTS_DIR)",
				);
				INFOPLIST_FILE = Info/Tst.plist;
				IPHONEOS_DEPLOYMENT_TARGET = 8.0;
				LD_RUNPATH_SEARCH_PATHS = "$(inherited) @executable_path/Frameworks @loader_path/Frameworks";
				PRODUCT_BUNDLE_IDENTIFIER = io.XCEssentials.FunctionalState.Tst;
				PRODUCT_NAME = "$(TARGET_NAME)";
				SDKROOT = iphoneos;
				SWIFT_VERSION = 3.0;
			};
			name = Release;
		};
		913953EDDD9834CB7ED94F56 /* Release */ = {
			isa = XCBuildConfiguration;
			buildSettings = {
				ALWAYS_SEARCH_USER_PATHS = NO;
				CLANG_ANALYZER_NONNULL = YES;
				CLANG_CXX_LANGUAGE_STANDARD = "gnu++0x";
				CLANG_CXX_LIBRARY = "libc++";
				CLANG_ENABLE_MODULES = YES;
				CLANG_ENABLE_OBJC_ARC = YES;
				CLANG_WARN_BOOL_CONVERSION = YES;
				CLANG_WARN_CONSTANT_CONVERSION = YES;
				CLANG_WARN_DIRECT_OBJC_ISA_USAGE = YES_ERROR;
				CLANG_WARN_DOCUMENTATION_COMMENTS = YES;
				CLANG_WARN_EMPTY_BODY = YES;
				CLANG_WARN_ENUM_CONVERSION = YES;
				CLANG_WARN_INFINITE_RECURSION = YES;
				CLANG_WARN_INT_CONVERSION = YES;
				CLANG_WARN_OBJC_ROOT_CLASS = YES_ERROR;
				CLANG_WARN_SUSPICIOUS_MOVE = YES;
				CLANG_WARN_SUSPICIOUS_MOVES = YES;
				CLANG_WARN_UNREACHABLE_CODE = YES;
				CLANG_WARN__DUPLICATE_METHOD_MATCH = YES;
				CODE_SIGN_IDENTITY = "-";
				"CODE_SIGN_IDENTITY[sdk=iphoneos*]" = "iPhone Developer";
				COPY_PHASE_STRIP = NO;
				DEBUG_INFORMATION_FORMAT = "dwarf-with-dsym";
				ENABLE_NS_ASSERTIONS = NO;
				ENABLE_STRICT_OBJC_MSGSEND = YES;
				GCC_C_LANGUAGE_STANDARD = gnu99;
				GCC_NO_COMMON_BLOCKS = YES;
				GCC_WARN_64_TO_32_BIT_CONVERSION = YES;
				GCC_WARN_ABOUT_RETURN_TYPE = YES_ERROR;
				GCC_WARN_UNDECLARED_SELECTOR = YES;
				GCC_WARN_UNINITIALIZED_AUTOS = YES_AGGRESSIVE;
				GCC_WARN_UNUSED_FUNCTION = YES;
				GCC_WARN_UNUSED_VARIABLE = YES;
				IPHONEOS_DEPLOYMENT_TARGET = 8.0;
				MTL_ENABLE_DEBUG_INFO = NO;
				SWIFT_OPTIMIZATION_LEVEL = "-Owholemodule";
				SWIFT_VERSION = 3.0;
				VALIDATE_PRODUCT = YES;
				VERSIONING_SYSTEM = "apple-generic";
			};
			name = Release;
		};
		D56FC0D8BDE4B6F50454AB39 /* Debug */ = {
			isa = XCBuildConfiguration;
			baseConfigurationReference = 6DD4A93C6EC8FFB316309B96 /* Pods-Fwk.debug.xcconfig */;
			buildSettings = {
				ALWAYS_EMBED_SWIFT_STANDARD_LIBRARIES = YES;
				CURRENT_PROJECT_VERSION = 22;
				DEFINES_MODULE = NO;
				ENABLE_TESTABILITY = YES;
				INFOPLIST_FILE = Info/Fwk.plist;
				INSTALL_PATH = "$(LOCAL_LIBRARY_DIR)/Frameworks";
				IPHONEOS_DEPLOYMENT_TARGET = 8.0;
				LD_RUNPATH_SEARCH_PATHS = "$(inherited) @executable_path/Frameworks";
				MTL_ENABLE_DEBUG_INFO = true;
				PRODUCT_BUNDLE_IDENTIFIER = io.XCEssentials.FunctionalState;
				PRODUCT_NAME = XCEFunctionalState;
				SDKROOT = iphoneos;
				SKIP_INSTALL = YES;
				SWIFT_VERSION = 3.0;
				TARGETED_DEVICE_FAMILY = "1,2";
				VERSIONING_SYSTEM = "apple-generic";
				VERSION_INFO_PREFIX = "";
			};
			name = Debug;
		};
/* End XCBuildConfiguration section */

/* Begin XCConfigurationList section */
		3FD2FA7036A8AC84CD27C70F /* Build configuration list for PBXProject "Main" */ = {
			isa = XCConfigurationList;
			buildConfigurations = (
				3DF142C24660D1E8151FBAD3 /* Debug */,
				913953EDDD9834CB7ED94F56 /* Release */,
			);
			defaultConfigurationIsVisible = 0;
			defaultConfigurationName = Debug;
		};
		897C541C96FD9E12FF9E600A /* Build configuration list for PBXNativeTarget "Fwk" */ = {
			isa = XCConfigurationList;
			buildConfigurations = (
				D56FC0D8BDE4B6F50454AB39 /* Debug */,
				49EB6550D9CADA34AC6F4D30 /* Release */,
			);
			defaultConfigurationIsVisible = 0;
			defaultConfigurationName = Release;
		};
		8B93AC78B148EE25788BFE80 /* Build configuration list for PBXNativeTarget "Tests" */ = {
			isa = XCConfigurationList;
			buildConfigurations = (
				38224A13FDC799B035568639 /* Debug */,
				64386F4F1935FA26725E279D /* Release */,
			);
			defaultConfigurationIsVisible = 0;
			defaultConfigurationName = Release;
		};
/* End XCConfigurationList section */
	};
	rootObject = ABC5F5BE053EA704B8E8A3D8 /* Project object */;
}
