// !$*UTF8*$!
{
	archiveVersion = 1;
	classes = {
	};
	objectVersion = 46;
	objects = {

/* Begin PBXBuildFile section */
		03B30221FA178103C26F5FB5 /* Pods_Tests.framework in Frameworks */ = {isa = PBXBuildFile; fileRef = A34F75BBF830D9C9B29E4370 /* Pods_Tests.framework */; };
		20D55FE5D669D9E40FD68067 /* Foundation.framework in Frameworks */ = {isa = PBXBuildFile; fileRef = 93C2E431D2CF02D9F7DE2FAE /* Foundation.framework */; };
		2AD5A144C5F34B3D3A30FDF1 /* Queue.swift in Sources */ = {isa = PBXBuildFile; fileRef = 347DD8D1B17954579A0F806D /* Queue.swift */; };
		9404BEF31F5CFFED00A6F8B0 /* DispatcherProxy.swift in Sources */ = {isa = PBXBuildFile; fileRef = 9404BEF21F5CFFED00A6F8B0 /* DispatcherProxy.swift */; };
		9404BEF71F5D067E00A6F8B0 /* Dispatcher.swift in Sources */ = {isa = PBXBuildFile; fileRef = 9404BEF51F5D065E00A6F8B0 /* Dispatcher.swift */; };
		9404BEF81F5D067E00A6F8B0 /* Dispatcher+States.swift in Sources */ = {isa = PBXBuildFile; fileRef = 9404BEF41F5D065E00A6F8B0 /* Dispatcher+States.swift */; };
		9404BEF91F5D067E00A6F8B0 /* Dispatcher+processing.swift in Sources */ = {isa = PBXBuildFile; fileRef = 9404BEF61F5D065E00A6F8B0 /* Dispatcher+processing.swift */; };
		941DAA701F05B7F6005A5098 /* Aliases.swift in Sources */ = {isa = PBXBuildFile; fileRef = 941DAA6F1F05B7F6005A5098 /* Aliases.swift */; };
		9421D41F1F5C878D006787B5 /* DispatchableView.swift in Sources */ = {isa = PBXBuildFile; fileRef = 9421D41E1F5C878D006787B5 /* DispatchableView.swift */; };
		9485CA541F5CC6E3001E2972 /* DispatchableView+Stateful.swift in Sources */ = {isa = PBXBuildFile; fileRef = 9485CA531F5CC6E3001E2972 /* DispatchableView+Stateful.swift */; };
		9485CA561F5CC845001E2972 /* Main.swift in Sources */ = {isa = PBXBuildFile; fileRef = 9485CA551F5CC845001E2972 /* Main.swift */; };
		9485CA5C1F5CDFF6001E2972 /* State.swift in Sources */ = {isa = PBXBuildFile; fileRef = 9485CA5B1F5CDFF6001E2972 /* State.swift */; };
		94AC4BD91F5CE46700E10123 /* SomeState.swift in Sources */ = {isa = PBXBuildFile; fileRef = 94AC4BD81F5CE44E00E10123 /* SomeState.swift */; };
		94AC4BDB1F5CE49000E10123 /* StateToSomeState.swift in Sources */ = {isa = PBXBuildFile; fileRef = 94AC4BDA1F5CE49000E10123 /* StateToSomeState.swift */; };
		94AC4BDD1F5CE53500E10123 /* StateConstructors.swift in Sources */ = {isa = PBXBuildFile; fileRef = 94AC4BDC1F5CE53500E10123 /* StateConstructors.swift */; };
		94AC4BDF1F5CE60900E10123 /* Stateful.swift in Sources */ = {isa = PBXBuildFile; fileRef = 94AC4BDE1F5CE60900E10123 /* Stateful.swift */; };
		94AC4BE11F5CE72600E10123 /* FST.swift in Sources */ = {isa = PBXBuildFile; fileRef = 94AC4BE01F5CE72600E10123 /* FST.swift */; };
		C910C7097BB79B7229CDB160 /* Foundation.framework in Frameworks */ = {isa = PBXBuildFile; fileRef = 93C2E431D2CF02D9F7DE2FAE /* Foundation.framework */; };
		FD6D8EE2018716C2FE432F78 /* MyView.swift in Sources */ = {isa = PBXBuildFile; fileRef = E71F3BDDE354612CAAB911AE /* MyView.swift */; };
/* End PBXBuildFile section */

/* Begin PBXContainerItemProxy section */
		7404F531C44E38388F25E5F4 /* PBXContainerItemProxy */ = {
			isa = PBXContainerItemProxy;
			containerPortal = ABC5F5BE053EA704B8E8A3D8 /* Project object */;
			proxyType = 1;
			remoteGlobalIDString = E2A73DFFB4F45949656AB8BF;
			remoteInfo = Fwk;
		};
/* End PBXContainerItemProxy section */

/* Begin PBXCopyFilesBuildPhase section */
		101BBEE1CD70B6C1095C2161 /* Embed Frameworks */ = {
			isa = PBXCopyFilesBuildPhase;
			buildActionMask = 2147483647;
			dstPath = "";
			dstSubfolderSpec = 10;
			files = (
			);
			name = "Embed Frameworks";
			runOnlyForDeploymentPostprocessing = 0;
		};
		173A54A5C3AA9C457068EC9D /* Embed Frameworks */ = {
			isa = PBXCopyFilesBuildPhase;
			buildActionMask = 2147483647;
			dstPath = "";
			dstSubfolderSpec = 10;
			files = (
			);
			name = "Embed Frameworks";
			runOnlyForDeploymentPostprocessing = 0;
		};
/* End PBXCopyFilesBuildPhase section */

/* Begin PBXFileReference section */
		09A637AB6D8FD3CE022CC8BB /* Tests.xctest */ = {isa = PBXFileReference; explicitFileType = wrapper.cfbundle; includeInIndex = 0; path = Tests.xctest; sourceTree = BUILT_PRODUCTS_DIR; };
		3243FB73799FE65C3B759633 /* Pods-Tests.release.xcconfig */ = {isa = PBXFileReference; includeInIndex = 1; lastKnownFileType = text.xcconfig; name = "Pods-Tests.release.xcconfig"; path = "Pods/Target Support Files/Pods-Tests/Pods-Tests.release.xcconfig"; sourceTree = "<group>"; };
		347DD8D1B17954579A0F806D /* Queue.swift */ = {isa = PBXFileReference; includeInIndex = 1; lastKnownFileType = sourcecode.swift; path = Queue.swift; sourceTree = "<group>"; };
		8D5BE9752B066B82B360FD3D /* Pods_Fwk.framework */ = {isa = PBXFileReference; explicitFileType = wrapper.framework; includeInIndex = 0; path = Pods_Fwk.framework; sourceTree = BUILT_PRODUCTS_DIR; };
		93C2E431D2CF02D9F7DE2FAE /* Foundation.framework */ = {isa = PBXFileReference; lastKnownFileType = wrapper.framework; name = Foundation.framework; path = Platforms/iPhoneOS.platform/Developer/SDKs/iPhoneOS10.3.sdk/System/Library/Frameworks/Foundation.framework; sourceTree = DEVELOPER_DIR; };
		9404BEF21F5CFFED00A6F8B0 /* DispatcherProxy.swift */ = {isa = PBXFileReference; lastKnownFileType = sourcecode.swift; path = DispatcherProxy.swift; sourceTree = "<group>"; };
		9404BEF41F5D065E00A6F8B0 /* Dispatcher+States.swift */ = {isa = PBXFileReference; lastKnownFileType = sourcecode.swift; path = "Dispatcher+States.swift"; sourceTree = "<group>"; };
		9404BEF51F5D065E00A6F8B0 /* Dispatcher.swift */ = {isa = PBXFileReference; lastKnownFileType = sourcecode.swift; path = Dispatcher.swift; sourceTree = "<group>"; };
		9404BEF61F5D065E00A6F8B0 /* Dispatcher+processing.swift */ = {isa = PBXFileReference; lastKnownFileType = sourcecode.swift; path = "Dispatcher+processing.swift"; sourceTree = "<group>"; };
		941DAA6F1F05B7F6005A5098 /* Aliases.swift */ = {isa = PBXFileReference; fileEncoding = 4; lastKnownFileType = sourcecode.swift; path = Aliases.swift; sourceTree = "<group>"; };
		9421D41E1F5C878D006787B5 /* DispatchableView.swift */ = {isa = PBXFileReference; fileEncoding = 4; lastKnownFileType = sourcecode.swift; path = DispatchableView.swift; sourceTree = "<group>"; };
		9485CA531F5CC6E3001E2972 /* DispatchableView+Stateful.swift */ = {isa = PBXFileReference; lastKnownFileType = sourcecode.swift; path = "DispatchableView+Stateful.swift"; sourceTree = "<group>"; };
		9485CA551F5CC845001E2972 /* Main.swift */ = {isa = PBXFileReference; lastKnownFileType = sourcecode.swift; path = Main.swift; sourceTree = "<group>"; };
		9485CA5B1F5CDFF6001E2972 /* State.swift */ = {isa = PBXFileReference; lastKnownFileType = sourcecode.swift; path = State.swift; sourceTree = "<group>"; };
		94AC4BD81F5CE44E00E10123 /* SomeState.swift */ = {isa = PBXFileReference; lastKnownFileType = sourcecode.swift; path = SomeState.swift; sourceTree = "<group>"; };
		94AC4BDA1F5CE49000E10123 /* StateToSomeState.swift */ = {isa = PBXFileReference; lastKnownFileType = sourcecode.swift; path = StateToSomeState.swift; sourceTree = "<group>"; };
		94AC4BDC1F5CE53500E10123 /* StateConstructors.swift */ = {isa = PBXFileReference; lastKnownFileType = sourcecode.swift; path = StateConstructors.swift; sourceTree = "<group>"; };
		94AC4BDE1F5CE60900E10123 /* Stateful.swift */ = {isa = PBXFileReference; lastKnownFileType = sourcecode.swift; path = Stateful.swift; sourceTree = "<group>"; };
		94AC4BE01F5CE72600E10123 /* FST.swift */ = {isa = PBXFileReference; lastKnownFileType = sourcecode.swift; path = FST.swift; sourceTree = "<group>"; };
		A31E120F02DE62163E40FFCB /* Pods-Tests.debug.xcconfig */ = {isa = PBXFileReference; includeInIndex = 1; lastKnownFileType = text.xcconfig; name = "Pods-Tests.debug.xcconfig"; path = "Pods/Target Support Files/Pods-Tests/Pods-Tests.debug.xcconfig"; sourceTree = "<group>"; };
		A34F75BBF830D9C9B29E4370 /* Pods_Tests.framework */ = {isa = PBXFileReference; explicitFileType = wrapper.framework; includeInIndex = 0; path = Pods_Tests.framework; sourceTree = BUILT_PRODUCTS_DIR; };
		BAD3BF54C1B2D27BC75E26B6 /* XCEFunctionalState.framework */ = {isa = PBXFileReference; explicitFileType = wrapper.framework; includeInIndex = 0; path = XCEFunctionalState.framework; sourceTree = BUILT_PRODUCTS_DIR; };
		E71F3BDDE354612CAAB911AE /* MyView.swift */ = {isa = PBXFileReference; includeInIndex = 1; lastKnownFileType = sourcecode.swift; path = MyView.swift; sourceTree = "<group>"; };
/* End PBXFileReference section */

/* Begin PBXFrameworksBuildPhase section */
		2B903CBE72ABC0894FFA4965 /* Frameworks */ = {
			isa = PBXFrameworksBuildPhase;
			buildActionMask = 2147483647;
			files = (
				C910C7097BB79B7229CDB160 /* Foundation.framework in Frameworks */,
				03B30221FA178103C26F5FB5 /* Pods_Tests.framework in Frameworks */,
			);
			runOnlyForDeploymentPostprocessing = 0;
		};
		E33040166D6815941C8B82E1 /* Frameworks */ = {
			isa = PBXFrameworksBuildPhase;
			buildActionMask = 2147483647;
			files = (
				20D55FE5D669D9E40FD68067 /* Foundation.framework in Frameworks */,
			);
			runOnlyForDeploymentPostprocessing = 0;
		};
/* End PBXFrameworksBuildPhase section */

/* Begin PBXGroup section */
		19BDCC0E0754C3D0020802A2 /* Frameworks */ = {
			isa = PBXGroup;
			children = (
				53BBC041FCA8009DA16DC21A /* iOS */,
				3B4E0B64AC21B1E474C40A1D /* $local */,
				8D5BE9752B066B82B360FD3D /* Pods_Fwk.framework */,
				A34F75BBF830D9C9B29E4370 /* Pods_Tests.framework */,
			);
			name = Frameworks;
			sourceTree = "<group>";
		};
		2042D5192A73754E3A9CE385 /* Tests */ = {
			isa = PBXGroup;
			children = (
				9485CA551F5CC845001E2972 /* Main.swift */,
				D9DD11EA6D264FD07FBAAFE7 /* Spec */,
			);
			path = Tests;
			sourceTree = SOURCE_ROOT;
		};
		3B4E0B64AC21B1E474C40A1D /* $local */ = {
			isa = PBXGroup;
			children = (
			);
			name = $local;
			sourceTree = "<group>";
		};
		3E032CB771A0502AFDA8C88F = {
			isa = PBXGroup;
			children = (
				ECF9A7A3CE7AC27719DBD882 /* Products */,
				19BDCC0E0754C3D0020802A2 /* Frameworks */,
				658648A92BBD5A90A5C21B5C /* Sources */,
				2042D5192A73754E3A9CE385 /* Tests */,
				CE5D34E42B7DF5D398F23FE1 /* Pods */,
			);
			sourceTree = "<group>";
		};
		53BBC041FCA8009DA16DC21A /* iOS */ = {
			isa = PBXGroup;
			children = (
				93C2E431D2CF02D9F7DE2FAE /* Foundation.framework */,
			);
			name = iOS;
			sourceTree = "<group>";
		};
		658648A92BBD5A90A5C21B5C /* Sources */ = {
			isa = PBXGroup;
			children = (
				941DAA6F1F05B7F6005A5098 /* Aliases.swift */,
				9485CA5A1F5CDF8E001E2972 /* Declare */,
				9485CA591F5CDF8E001E2972 /* Apply */,
				9485CA581F5CDF8E001E2972 /* Dispatch */,
				BCA17055A33B6FAD26D9D3B6 /* Misc */,
				9421D41D1F5C877A006787B5 /* Convenience */,
			);
			path = Sources;
			sourceTree = SOURCE_ROOT;
		};
		9421D41D1F5C877A006787B5 /* Convenience */ = {
			isa = PBXGroup;
			children = (
				9421D41E1F5C878D006787B5 /* DispatchableView.swift */,
				9485CA531F5CC6E3001E2972 /* DispatchableView+Stateful.swift */,
			);
			path = Convenience;
			sourceTree = "<group>";
		};
		9485CA581F5CDF8E001E2972 /* Dispatch */ = {
			isa = PBXGroup;
			children = (
				9404BEF51F5D065E00A6F8B0 /* Dispatcher.swift */,
				9404BEF41F5D065E00A6F8B0 /* Dispatcher+States.swift */,
				9404BEF61F5D065E00A6F8B0 /* Dispatcher+processing.swift */,
			);
			path = Dispatch;
			sourceTree = "<group>";
		};
		9485CA591F5CDF8E001E2972 /* Apply */ = {
			isa = PBXGroup;
			children = (
				94AC4BD81F5CE44E00E10123 /* SomeState.swift */,
				94AC4BDA1F5CE49000E10123 /* StateToSomeState.swift */,
				9404BEF21F5CFFED00A6F8B0 /* DispatcherProxy.swift */,
			);
			path = Apply;
			sourceTree = "<group>";
		};
		9485CA5A1F5CDF8E001E2972 /* Declare */ = {
			isa = PBXGroup;
			children = (
				94AC4BDE1F5CE60900E10123 /* Stateful.swift */,
				9485CA5B1F5CDFF6001E2972 /* State.swift */,
				94AC4BDC1F5CE53500E10123 /* StateConstructors.swift */,
			);
			path = Declare;
			sourceTree = "<group>";
		};
		BCA17055A33B6FAD26D9D3B6 /* Misc */ = {
			isa = PBXGroup;
			children = (
				347DD8D1B17954579A0F806D /* Queue.swift */,
				94AC4BE01F5CE72600E10123 /* FST.swift */,
			);
			path = Misc;
			sourceTree = "<group>";
		};
		CE5D34E42B7DF5D398F23FE1 /* Pods */ = {
			isa = PBXGroup;
			children = (
				A31E120F02DE62163E40FFCB /* Pods-Tests.debug.xcconfig */,
				3243FB73799FE65C3B759633 /* Pods-Tests.release.xcconfig */,
			);
			name = Pods;
			sourceTree = "<group>";
		};
		D9DD11EA6D264FD07FBAAFE7 /* Spec */ = {
			isa = PBXGroup;
			children = (
				E71F3BDDE354612CAAB911AE /* MyView.swift */,
			);
			path = Spec;
			sourceTree = "<group>";
		};
		ECF9A7A3CE7AC27719DBD882 /* Products */ = {
			isa = PBXGroup;
			children = (
				BAD3BF54C1B2D27BC75E26B6 /* XCEFunctionalState.framework */,
				09A637AB6D8FD3CE022CC8BB /* Tests.xctest */,
			);
			name = Products;
			sourceTree = "<group>";
		};
/* End PBXGroup section */

/* Begin PBXNativeTarget section */
		B363222EBADE463D53306550 /* Tests */ = {
			isa = PBXNativeTarget;
			buildConfigurationList = 8B93AC78B148EE25788BFE80 /* Build configuration list for PBXNativeTarget "Tests" */;
			buildPhases = (
				C61CAC14B03B4DAE47EB9435 /* [CP] Check Pods Manifest.lock */,
				3B73F5A34C9A12858ECEBAE9 /* Sources */,
				2B903CBE72ABC0894FFA4965 /* Frameworks */,
				101BBEE1CD70B6C1095C2161 /* Embed Frameworks */,
				4C35716959E7F31FE66226D9 /* [CP] Embed Pods Frameworks */,
				DB12433F5FFD7BD8E2EAB426 /* [CP] Copy Pods Resources */,
			);
			buildRules = (
			);
			dependencies = (
				18AAD3CB1699D05FD929DDA7 /* PBXTargetDependency */,
			);
			name = Tests;
			productName = Tests;
			productReference = 09A637AB6D8FD3CE022CC8BB /* Tests.xctest */;
			productType = "com.apple.product-type.bundle.unit-test";
		};
		E2A73DFFB4F45949656AB8BF /* Fwk */ = {
			isa = PBXNativeTarget;
			buildConfigurationList = 897C541C96FD9E12FF9E600A /* Build configuration list for PBXNativeTarget "Fwk" */;
			buildPhases = (
				9486EF7E1EF8800100E87D78 /* SwiftLint */,
				F254192F3CB9AFBC8A760C70 /* Sources */,
				E33040166D6815941C8B82E1 /* Frameworks */,
				173A54A5C3AA9C457068EC9D /* Embed Frameworks */,
			);
			buildRules = (
			);
			dependencies = (
			);
			name = Fwk;
			productName = Fwk;
			productReference = BAD3BF54C1B2D27BC75E26B6 /* XCEFunctionalState.framework */;
			productType = "com.apple.product-type.framework";
		};
/* End PBXNativeTarget section */

/* Begin PBXProject section */
		ABC5F5BE053EA704B8E8A3D8 /* Project object */ = {
			isa = PBXProject;
			attributes = {
				LastSwiftUpdateCheck = 0830;
				LastUpgradeCheck = 0830;
				Struct.Version = 2.0.0;
			};
			buildConfigurationList = 3FD2FA7036A8AC84CD27C70F /* Build configuration list for PBXProject "Main" */;
			compatibilityVersion = "Xcode 3.2";
			developmentRegion = English;
			hasScannedForEncodings = 0;
			knownRegions = (
				en,
			);
			mainGroup = 3E032CB771A0502AFDA8C88F;
			productRefGroup = ECF9A7A3CE7AC27719DBD882 /* Products */;
			projectDirPath = "";
			projectRoot = "";
			targets = (
				E2A73DFFB4F45949656AB8BF /* Fwk */,
				B363222EBADE463D53306550 /* Tests */,
			);
		};
/* End PBXProject section */

/* Begin PBXShellScriptBuildPhase section */
		4C35716959E7F31FE66226D9 /* [CP] Embed Pods Frameworks */ = {
			isa = PBXShellScriptBuildPhase;
			buildActionMask = 2147483647;
			files = (
			);
			inputPaths = (
				"${SRCROOT}/Pods/Target Support Files/Pods-Tests/Pods-Tests-frameworks.sh",
				"${BUILT_PRODUCTS_DIR}/XCERequirement/XCERequirement.framework",
				"${BUILT_PRODUCTS_DIR}/XCETesting/XCETesting.framework",
			);
			name = "[CP] Embed Pods Frameworks";
			outputPaths = (
				"${TARGET_BUILD_DIR}/${FRAMEWORKS_FOLDER_PATH}/XCERequirement.framework",
				"${TARGET_BUILD_DIR}/${FRAMEWORKS_FOLDER_PATH}/XCETesting.framework",
			);
			runOnlyForDeploymentPostprocessing = 0;
			shellPath = /bin/sh;
			shellScript = "\"${SRCROOT}/Pods/Target Support Files/Pods-Tests/Pods-Tests-frameworks.sh\"\n";
			showEnvVarsInLog = 0;
		};
		9486EF7E1EF8800100E87D78 /* SwiftLint */ = {
			isa = PBXShellScriptBuildPhase;
			buildActionMask = 2147483647;
			files = (
			);
			inputPaths = (
			);
			name = SwiftLint;
			outputPaths = (
			);
			runOnlyForDeploymentPostprocessing = 0;
			shellPath = /bin/sh;
			shellScript = "if which swiftlint >/dev/null; then\n    swiftlint\nelse\n    echo \"warning: SwiftLint not installed, download from https://github.com/realm/SwiftLint\"\nfi";
		};
		C61CAC14B03B4DAE47EB9435 /* [CP] Check Pods Manifest.lock */ = {
			isa = PBXShellScriptBuildPhase;
			buildActionMask = 2147483647;
			files = (
			);
			inputPaths = (
				"${PODS_PODFILE_DIR_PATH}/Podfile.lock",
				"${PODS_ROOT}/Manifest.lock",
			);
			name = "[CP] Check Pods Manifest.lock";
			outputPaths = (
				"$(DERIVED_FILE_DIR)/Pods-Tests-checkManifestLockResult.txt",
			);
			runOnlyForDeploymentPostprocessing = 0;
			shellPath = /bin/sh;
			shellScript = "diff \"${PODS_PODFILE_DIR_PATH}/Podfile.lock\" \"${PODS_ROOT}/Manifest.lock\" > /dev/null\nif [ $? != 0 ] ; then\n    # print error to STDERR\n    echo \"error: The sandbox is not in sync with the Podfile.lock. Run 'pod install' or update your CocoaPods installation.\" >&2\n    exit 1\nfi\n# This output is used by Xcode 'outputs' to avoid re-running this script phase.\necho \"SUCCESS\" > \"${SCRIPT_OUTPUT_FILE_0}\"\n";
			showEnvVarsInLog = 0;
		};
		DB12433F5FFD7BD8E2EAB426 /* [CP] Copy Pods Resources */ = {
			isa = PBXShellScriptBuildPhase;
			buildActionMask = 2147483647;
			files = (
			);
			inputPaths = (
			);
			name = "[CP] Copy Pods Resources";
			outputPaths = (
			);
			runOnlyForDeploymentPostprocessing = 0;
			shellPath = /bin/sh;
			shellScript = "\"${SRCROOT}/Pods/Target Support Files/Pods-Tests/Pods-Tests-resources.sh\"\n";
			showEnvVarsInLog = 0;
		};
/* End PBXShellScriptBuildPhase section */

/* Begin PBXSourcesBuildPhase section */
		3B73F5A34C9A12858ECEBAE9 /* Sources */ = {
			isa = PBXSourcesBuildPhase;
			buildActionMask = 2147483647;
			files = (
				9485CA561F5CC845001E2972 /* Main.swift in Sources */,
				FD6D8EE2018716C2FE432F78 /* MyView.swift in Sources */,
			);
			runOnlyForDeploymentPostprocessing = 0;
		};
		F254192F3CB9AFBC8A760C70 /* Sources */ = {
			isa = PBXSourcesBuildPhase;
			buildActionMask = 2147483647;
			files = (
				9404BEF71F5D067E00A6F8B0 /* Dispatcher.swift in Sources */,
				94AC4BDB1F5CE49000E10123 /* StateToSomeState.swift in Sources */,
				9404BEF91F5D067E00A6F8B0 /* Dispatcher+processing.swift in Sources */,
				94AC4BDF1F5CE60900E10123 /* Stateful.swift in Sources */,
				9421D41F1F5C878D006787B5 /* DispatchableView.swift in Sources */,
				9485CA5C1F5CDFF6001E2972 /* State.swift in Sources */,
				941DAA701F05B7F6005A5098 /* Aliases.swift in Sources */,
				94AC4BDD1F5CE53500E10123 /* StateConstructors.swift in Sources */,
				9485CA541F5CC6E3001E2972 /* DispatchableView+Stateful.swift in Sources */,
				9404BEF31F5CFFED00A6F8B0 /* DispatcherProxy.swift in Sources */,
				2AD5A144C5F34B3D3A30FDF1 /* Queue.swift in Sources */,
				94AC4BE11F5CE72600E10123 /* FST.swift in Sources */,
				9404BEF81F5D067E00A6F8B0 /* Dispatcher+States.swift in Sources */,
				94AC4BD91F5CE46700E10123 /* SomeState.swift in Sources */,
			);
			runOnlyForDeploymentPostprocessing = 0;
		};
/* End PBXSourcesBuildPhase section */

/* Begin PBXTargetDependency section */
		18AAD3CB1699D05FD929DDA7 /* PBXTargetDependency */ = {
			isa = PBXTargetDependency;
			name = Fwk;
			target = E2A73DFFB4F45949656AB8BF /* Fwk */;
			targetProxy = 7404F531C44E38388F25E5F4 /* PBXContainerItemProxy */;
		};
/* End PBXTargetDependency section */

/* Begin XCBuildConfiguration section */
		38224A13FDC799B035568639 /* Debug */ = {
			isa = XCBuildConfiguration;
			baseConfigurationReference = A31E120F02DE62163E40FFCB /* Pods-Tests.debug.xcconfig */;
			buildSettings = {
				ALWAYS_EMBED_SWIFT_STANDARD_LIBRARIES = YES;
				BUNDLE_LOADER = "$(TEST_HOST)";
				FRAMEWORK_SEARCH_PATHS = (
					"$(inherited)",
					"$(BUILT_PRODUCTS_DIR)",
				);
				INFOPLIST_FILE = Info/Tst.plist;
				IPHONEOS_DEPLOYMENT_TARGET = 8.0;
				LD_RUNPATH_SEARCH_PATHS = "$(inherited) @executable_path/Frameworks @loader_path/Frameworks";
				MTL_ENABLE_DEBUG_INFO = true;
				PRODUCT_BUNDLE_IDENTIFIER = io.XCEssentials.FunctionalState.Tst;
				PRODUCT_NAME = "$(TARGET_NAME)";
				SDKROOT = iphoneos;
				SWIFT_VERSION = 3.0;
			};
			name = Debug;
		};
		3DF142C24660D1E8151FBAD3 /* Debug */ = {
			isa = XCBuildConfiguration;
			buildSettings = {
				ALWAYS_SEARCH_USER_PATHS = NO;
				CLANG_ANALYZER_NONNULL = YES;
				CLANG_CXX_LANGUAGE_STANDARD = "gnu++0x";
				CLANG_CXX_LIBRARY = "libc++";
				CLANG_ENABLE_MODULES = YES;
				CLANG_ENABLE_OBJC_ARC = YES;
				CLANG_WARN_BOOL_CONVERSION = YES;
				CLANG_WARN_CONSTANT_CONVERSION = YES;
				CLANG_WARN_DIRECT_OBJC_ISA_USAGE = YES_ERROR;
				CLANG_WARN_DOCUMENTATION_COMMENTS = YES;
				CLANG_WARN_EMPTY_BODY = YES;
				CLANG_WARN_ENUM_CONVERSION = YES;
				CLANG_WARN_INFINITE_RECURSION = YES;
				CLANG_WARN_INT_CONVERSION = YES;
				CLANG_WARN_OBJC_ROOT_CLASS = YES_ERROR;
				CLANG_WARN_SUSPICIOUS_MOVE = YES;
				CLANG_WARN_SUSPICIOUS_MOVES = YES;
				CLANG_WARN_UNREACHABLE_CODE = YES;
				CLANG_WARN__DUPLICATE_METHOD_MATCH = YES;
				CODE_SIGN_IDENTITY = "-";
				"CODE_SIGN_IDENTITY[sdk=iphoneos*]" = "iPhone Developer";
				COPY_PHASE_STRIP = NO;
				DEBUG_INFORMATION_FORMAT = dwarf;
				ENABLE_STRICT_OBJC_MSGSEND = YES;
				ENABLE_TESTABILITY = YES;
				GCC_C_LANGUAGE_STANDARD = gnu99;
				GCC_DYNAMIC_NO_PIC = NO;
				GCC_NO_COMMON_BLOCKS = YES;
				GCC_OPTIMIZATION_LEVEL = 0;
				GCC_PREPROCESSOR_DEFINITIONS = (
					"DEBUG=1",
					"$(inherited)",
				);
				GCC_WARN_64_TO_32_BIT_CONVERSION = YES;
				GCC_WARN_ABOUT_RETURN_TYPE = YES_ERROR;
				GCC_WARN_UNDECLARED_SELECTOR = YES;
				GCC_WARN_UNINITIALIZED_AUTOS = YES_AGGRESSIVE;
				GCC_WARN_UNUSED_FUNCTION = YES;
				GCC_WARN_UNUSED_VARIABLE = YES;
				IPHONEOS_DEPLOYMENT_TARGET = 8.0;
				MTL_ENABLE_DEBUG_INFO = YES;
				ONLY_ACTIVE_ARCH = YES;
				SWIFT_ACTIVE_COMPILATION_CONDITIONS = DEBUG;
				SWIFT_OPTIMIZATION_LEVEL = "-Onone";
				SWIFT_VERSION = 3.0;
				VERSIONING_SYSTEM = "apple-generic";
			};
			name = Debug;
		};
		49EB6550D9CADA34AC6F4D30 /* Release */ = {
			isa = XCBuildConfiguration;
			buildSettings = {
				ALWAYS_EMBED_SWIFT_STANDARD_LIBRARIES = YES;
				"CODE_SIGN_IDENTITY[sdk=iphoneos*]" = "";
				CURRENT_PROJECT_VERSION = 24;
				DEFINES_MODULE = NO;
				ENABLE_TESTABILITY = YES;
				INFOPLIST_FILE = Info/Fwk.plist;
				INSTALL_PATH = "$(LOCAL_LIBRARY_DIR)/Frameworks";
				IPHONEOS_DEPLOYMENT_TARGET = 8.0;
				LD_RUNPATH_SEARCH_PATHS = "$(inherited) @executable_path/Frameworks";
				PRODUCT_BUNDLE_IDENTIFIER = io.XCEssentials.FunctionalState;
				PRODUCT_NAME = XCEFunctionalState;
				SDKROOT = iphoneos;
				SKIP_INSTALL = YES;
				SWIFT_VERSION = 3.0;
				TARGETED_DEVICE_FAMILY = "1,2";
				VERSIONING_SYSTEM = "apple-generic";
				VERSION_INFO_PREFIX = "";
			};
			name = Release;
		};
		64386F4F1935FA26725E279D /* Release */ = {
			isa = XCBuildConfiguration;
			baseConfigurationReference = 3243FB73799FE65C3B759633 /* Pods-Tests.release.xcconfig */;
			buildSettings = {
				ALWAYS_EMBED_SWIFT_STANDARD_LIBRARIES = YES;
				BUNDLE_LOADER = "$(TEST_HOST)";
				FRAMEWORK_SEARCH_PATHS = (
					"$(inherited)",
					"$(BUILT_PRODUCTS_DIR)",
				);
				INFOPLIST_FILE = Info/Tst.plist;
				IPHONEOS_DEPLOYMENT_TARGET = 8.0;
				LD_RUNPATH_SEARCH_PATHS = "$(inherited) @executable_path/Frameworks @loader_path/Frameworks";
				PRODUCT_BUNDLE_IDENTIFIER = io.XCEssentials.FunctionalState.Tst;
				PRODUCT_NAME = "$(TARGET_NAME)";
				SDKROOT = iphoneos;
				SWIFT_VERSION = 3.0;
			};
			name = Release;
		};
		913953EDDD9834CB7ED94F56 /* Release */ = {
			isa = XCBuildConfiguration;
			buildSettings = {
				ALWAYS_SEARCH_USER_PATHS = NO;
				CLANG_ANALYZER_NONNULL = YES;
				CLANG_CXX_LANGUAGE_STANDARD = "gnu++0x";
				CLANG_CXX_LIBRARY = "libc++";
				CLANG_ENABLE_MODULES = YES;
				CLANG_ENABLE_OBJC_ARC = YES;
				CLANG_WARN_BOOL_CONVERSION = YES;
				CLANG_WARN_CONSTANT_CONVERSION = YES;
				CLANG_WARN_DIRECT_OBJC_ISA_USAGE = YES_ERROR;
				CLANG_WARN_DOCUMENTATION_COMMENTS = YES;
				CLANG_WARN_EMPTY_BODY = YES;
				CLANG_WARN_ENUM_CONVERSION = YES;
				CLANG_WARN_INFINITE_RECURSION = YES;
				CLANG_WARN_INT_CONVERSION = YES;
				CLANG_WARN_OBJC_ROOT_CLASS = YES_ERROR;
				CLANG_WARN_SUSPICIOUS_MOVE = YES;
				CLANG_WARN_SUSPICIOUS_MOVES = YES;
				CLANG_WARN_UNREACHABLE_CODE = YES;
				CLANG_WARN__DUPLICATE_METHOD_MATCH = YES;
				CODE_SIGN_IDENTITY = "-";
				"CODE_SIGN_IDENTITY[sdk=iphoneos*]" = "iPhone Developer";
				COPY_PHASE_STRIP = NO;
				DEBUG_INFORMATION_FORMAT = "dwarf-with-dsym";
				ENABLE_NS_ASSERTIONS = NO;
				ENABLE_STRICT_OBJC_MSGSEND = YES;
				GCC_C_LANGUAGE_STANDARD = gnu99;
				GCC_NO_COMMON_BLOCKS = YES;
				GCC_WARN_64_TO_32_BIT_CONVERSION = YES;
				GCC_WARN_ABOUT_RETURN_TYPE = YES_ERROR;
				GCC_WARN_UNDECLARED_SELECTOR = YES;
				GCC_WARN_UNINITIALIZED_AUTOS = YES_AGGRESSIVE;
				GCC_WARN_UNUSED_FUNCTION = YES;
				GCC_WARN_UNUSED_VARIABLE = YES;
				IPHONEOS_DEPLOYMENT_TARGET = 8.0;
				MTL_ENABLE_DEBUG_INFO = NO;
				SWIFT_OPTIMIZATION_LEVEL = "-Owholemodule";
				SWIFT_VERSION = 3.0;
				VALIDATE_PRODUCT = YES;
				VERSIONING_SYSTEM = "apple-generic";
			};
			name = Release;
		};
		D56FC0D8BDE4B6F50454AB39 /* Debug */ = {
			isa = XCBuildConfiguration;
			buildSettings = {
				ALWAYS_EMBED_SWIFT_STANDARD_LIBRARIES = YES;
				"CODE_SIGN_IDENTITY[sdk=iphoneos*]" = "";
				CURRENT_PROJECT_VERSION = 24;
				DEFINES_MODULE = NO;
				ENABLE_TESTABILITY = YES;
				INFOPLIST_FILE = Info/Fwk.plist;
				INSTALL_PATH = "$(LOCAL_LIBRARY_DIR)/Frameworks";
				IPHONEOS_DEPLOYMENT_TARGET = 8.0;
				LD_RUNPATH_SEARCH_PATHS = "$(inherited) @executable_path/Frameworks";
				MTL_ENABLE_DEBUG_INFO = true;
				PRODUCT_BUNDLE_IDENTIFIER = io.XCEssentials.FunctionalState;
				PRODUCT_NAME = XCEFunctionalState;
				SDKROOT = iphoneos;
				SKIP_INSTALL = YES;
				SWIFT_VERSION = 3.0;
				TARGETED_DEVICE_FAMILY = "1,2";
				VERSIONING_SYSTEM = "apple-generic";
				VERSION_INFO_PREFIX = "";
			};
			name = Debug;
		};
/* End XCBuildConfiguration section */

/* Begin XCConfigurationList section */
		3FD2FA7036A8AC84CD27C70F /* Build configuration list for PBXProject "Main" */ = {
			isa = XCConfigurationList;
			buildConfigurations = (
				3DF142C24660D1E8151FBAD3 /* Debug */,
				913953EDDD9834CB7ED94F56 /* Release */,
			);
			defaultConfigurationIsVisible = 0;
			defaultConfigurationName = Debug;
		};
		897C541C96FD9E12FF9E600A /* Build configuration list for PBXNativeTarget "Fwk" */ = {
			isa = XCConfigurationList;
			buildConfigurations = (
				D56FC0D8BDE4B6F50454AB39 /* Debug */,
				49EB6550D9CADA34AC6F4D30 /* Release */,
			);
			defaultConfigurationIsVisible = 0;
			defaultConfigurationName = Release;
		};
		8B93AC78B148EE25788BFE80 /* Build configuration list for PBXNativeTarget "Tests" */ = {
			isa = XCConfigurationList;
			buildConfigurations = (
				38224A13FDC799B035568639 /* Debug */,
				64386F4F1935FA26725E279D /* Release */,
			);
			defaultConfigurationIsVisible = 0;
			defaultConfigurationName = Release;
		};
/* End XCConfigurationList section */
	};
	rootObject = ABC5F5BE053EA704B8E8A3D8 /* Project object */;
}
