// !$*UTF8*$!
{
	archiveVersion = 1;
	classes = {
	};
	objectVersion = 46;
	objects = {

/* Begin PBXBuildFile section */
		1DC71DC24F23F01EB9CF1CB6 /* StateCtrl.swift in Sources */ = {isa = PBXBuildFile; fileRef = 343A96E781C61B1E0033F473 /* StateCtrl.swift */; };
		3DA64BDB5F29E212FD8D72F9 /* MyView.Highlighted.swift in Sources */ = {isa = PBXBuildFile; fileRef = 00DAFEE406ED0C801667DBB5 /* MyView.Highlighted.swift */; };
		3F71A0FD5FD74ADA96B66C61 /* UIKit.framework in Frameworks */ = {isa = PBXBuildFile; fileRef = E3011CD4CDD7D1F9E309C7A2 /* UIKit.framework */; };
		5AB6C8554392C3483412195D /* Main.swift in Sources */ = {isa = PBXBuildFile; fileRef = A6D83E3B77852A536FF57AED /* Main.swift */; };
		67E3CA8D5F8EC7F91B7FE726 /* State.swift in Sources */ = {isa = PBXBuildFile; fileRef = 969A90CE3B84EF33D7749D9D /* State.swift */; };
		72CA944D093B52FA95EF5922 /* Foundation.framework in Frameworks */ = {isa = PBXBuildFile; fileRef = 5BA9893F0722A5F3C5BBB60F /* Foundation.framework */; };
		7DD676C11478E55C381A167D /* UIKit.framework in Frameworks */ = {isa = PBXBuildFile; fileRef = E3011CD4CDD7D1F9E309C7A2 /* UIKit.framework */; };
		7F96D3ADC292505CE8DD9805 /* MyView.Disabled.swift in Sources */ = {isa = PBXBuildFile; fileRef = D25D5B6A76B21F957504A9CB /* MyView.Disabled.swift */; };
		88585C4AD15434AD57F04B31 /* MyView.swift in Sources */ = {isa = PBXBuildFile; fileRef = 53DF647296B0C2A7BA142A43 /* MyView.swift */; };
		94F848CE1E2E13750019F638 /* TypeAliases.swift in Sources */ = {isa = PBXBuildFile; fileRef = 94F848CD1E2E13750019F638 /* TypeAliases.swift */; };
		94F848D01E2E15CE0019F638 /* Utils.swift in Sources */ = {isa = PBXBuildFile; fileRef = 94F848CF1E2E15CE0019F638 /* Utils.swift */; };
		9909DFA1945F45BBBD339CAA /* DiscreteSystem.swift in Sources */ = {isa = PBXBuildFile; fileRef = 1D454FDF9D2EFADBE67E4D3F /* DiscreteSystem.swift */; };
		A252D24FD6F79102198458C2 /* Foundation.framework in Frameworks */ = {isa = PBXBuildFile; fileRef = 5BA9893F0722A5F3C5BBB60F /* Foundation.framework */; };
		A681D951A03B307E007699AE /* MyView.Normal.swift in Sources */ = {isa = PBXBuildFile; fileRef = D44D6F2887CEE0640AB4C3C2 /* MyView.Normal.swift */; };
/* End PBXBuildFile section */

/* Begin PBXFileReference section */
		00DAFEE406ED0C801667DBB5 /* MyView.Highlighted.swift */ = {isa = PBXFileReference; includeInIndex = 1; lastKnownFileType = sourcecode.swift; path = MyView.Highlighted.swift; sourceTree = "<group>"; };
		0AE02035BABB86B94A268329 /* MKHViewState.h */ = {isa = PBXFileReference; includeInIndex = 1; lastKnownFileType = sourcecode.c.h; path = MKHViewState.h; sourceTree = "<group>"; };
		1D454FDF9D2EFADBE67E4D3F /* DiscreteSystem.swift */ = {isa = PBXFileReference; includeInIndex = 1; lastKnownFileType = sourcecode.swift; path = DiscreteSystem.swift; sourceTree = "<group>"; };
		304A89D4EE98A8B3A4F2E530 /* MKHState.framework */ = {isa = PBXFileReference; explicitFileType = wrapper.framework; includeInIndex = 0; path = MKHState.framework; sourceTree = BUILT_PRODUCTS_DIR; };
		343A96E781C61B1E0033F473 /* StateCtrl.swift */ = {isa = PBXFileReference; includeInIndex = 1; lastKnownFileType = sourcecode.swift; path = StateCtrl.swift; sourceTree = "<group>"; };
		53DF647296B0C2A7BA142A43 /* MyView.swift */ = {isa = PBXFileReference; includeInIndex = 1; lastKnownFileType = sourcecode.swift; path = MyView.swift; sourceTree = "<group>"; };
		5BA9893F0722A5F3C5BBB60F /* Foundation.framework */ = {isa = PBXFileReference; lastKnownFileType = wrapper.framework; name = Foundation.framework; path = Platforms/iPhoneOS.platform/Developer/SDKs/iPhoneOS10.0.sdk/System/Library/Frameworks/Foundation.framework; sourceTree = DEVELOPER_DIR; };
		75A6A621C3DDEF7101DF7CF1 /* MKHStateTst.xctest */ = {isa = PBXFileReference; explicitFileType = wrapper.cfbundle; includeInIndex = 0; path = MKHStateTst.xctest; sourceTree = BUILT_PRODUCTS_DIR; };
		94F848CD1E2E13750019F638 /* TypeAliases.swift */ = {isa = PBXFileReference; fileEncoding = 4; lastKnownFileType = sourcecode.swift; path = TypeAliases.swift; sourceTree = "<group>"; };
		94F848CF1E2E15CE0019F638 /* Utils.swift */ = {isa = PBXFileReference; fileEncoding = 4; lastKnownFileType = sourcecode.swift; path = Utils.swift; sourceTree = "<group>"; };
		969A90CE3B84EF33D7749D9D /* State.swift */ = {isa = PBXFileReference; includeInIndex = 1; lastKnownFileType = sourcecode.swift; path = State.swift; sourceTree = "<group>"; };
		A6D83E3B77852A536FF57AED /* Main.swift */ = {isa = PBXFileReference; includeInIndex = 1; lastKnownFileType = sourcecode.swift; path = Main.swift; sourceTree = "<group>"; };
		D25D5B6A76B21F957504A9CB /* MyView.Disabled.swift */ = {isa = PBXFileReference; includeInIndex = 1; lastKnownFileType = sourcecode.swift; path = MyView.Disabled.swift; sourceTree = "<group>"; };
		D44D6F2887CEE0640AB4C3C2 /* MyView.Normal.swift */ = {isa = PBXFileReference; includeInIndex = 1; lastKnownFileType = sourcecode.swift; path = MyView.Normal.swift; sourceTree = "<group>"; };
		E3011CD4CDD7D1F9E309C7A2 /* UIKit.framework */ = {isa = PBXFileReference; lastKnownFileType = wrapper.framework; name = UIKit.framework; path = Platforms/iPhoneOS.platform/Developer/SDKs/iPhoneOS10.0.sdk/System/Library/Frameworks/UIKit.framework; sourceTree = DEVELOPER_DIR; };
/* End PBXFileReference section */

/* Begin PBXFrameworksBuildPhase section */
		8F4BD76389E65C42639A7C11 /* Frameworks */ = {
			isa = PBXFrameworksBuildPhase;
			buildActionMask = 2147483647;
			files = (
				A252D24FD6F79102198458C2 /* Foundation.framework in Frameworks */,
				7DD676C11478E55C381A167D /* UIKit.framework in Frameworks */,
			);
			runOnlyForDeploymentPostprocessing = 0;
		};
		9304D348EA2517C6611A2F05 /* Frameworks */ = {
			isa = PBXFrameworksBuildPhase;
			buildActionMask = 2147483647;
			files = (
				72CA944D093B52FA95EF5922 /* Foundation.framework in Frameworks */,
				3F71A0FD5FD74ADA96B66C61 /* UIKit.framework in Frameworks */,
			);
			runOnlyForDeploymentPostprocessing = 0;
		};
/* End PBXFrameworksBuildPhase section */

/* Begin PBXGroup section */
		08256C7B7AC4800AC2A1592A /* Src */ = {
			isa = PBXGroup;
			children = (
				94F848CF1E2E15CE0019F638 /* Utils.swift */,
				1D454FDF9D2EFADBE67E4D3F /* DiscreteSystem.swift */,
				969A90CE3B84EF33D7749D9D /* State.swift */,
				343A96E781C61B1E0033F473 /* StateCtrl.swift */,
				94F848CD1E2E13750019F638 /* TypeAliases.swift */,
			);
			path = Src;
			sourceTree = "<group>";
		};
		21331A5455FC850E433C949C /* Src-Extra */ = {
			isa = PBXGroup;
			children = (
				0AE02035BABB86B94A268329 /* MKHViewState.h */,
			);
			path = "Src-Extra";
			sourceTree = "<group>";
		};
		515C27865C96D6BC264A79A9 /* Frameworks */ = {
			isa = PBXGroup;
			children = (
				C65CC1ED3B3FD39CA4612090 /* iOS */,
			);
			name = Frameworks;
			sourceTree = "<group>";
		};
		A645965A1F04152122C8EF4A /* Spec */ = {
			isa = PBXGroup;
			children = (
				D25D5B6A76B21F957504A9CB /* MyView.Disabled.swift */,
				00DAFEE406ED0C801667DBB5 /* MyView.Highlighted.swift */,
				D44D6F2887CEE0640AB4C3C2 /* MyView.Normal.swift */,
				53DF647296B0C2A7BA142A43 /* MyView.swift */,
			);
			path = Spec;
			sourceTree = "<group>";
		};
		AF3472B07F5378F23EC5792F = {
			isa = PBXGroup;
			children = (
				DF5428AB21D3FF3359438510 /* Products */,
				DC1E66EF8831DA7B801D4FDE /* Tst */,
				08256C7B7AC4800AC2A1592A /* Src */,
				21331A5455FC850E433C949C /* Src-Extra */,
				515C27865C96D6BC264A79A9 /* Frameworks */,
			);
			sourceTree = "<group>";
		};
		C65CC1ED3B3FD39CA4612090 /* iOS */ = {
			isa = PBXGroup;
			children = (
				5BA9893F0722A5F3C5BBB60F /* Foundation.framework */,
				E3011CD4CDD7D1F9E309C7A2 /* UIKit.framework */,
			);
			name = iOS;
			sourceTree = "<group>";
		};
		DC1E66EF8831DA7B801D4FDE /* Tst */ = {
			isa = PBXGroup;
			children = (
				A6D83E3B77852A536FF57AED /* Main.swift */,
				A645965A1F04152122C8EF4A /* Spec */,
			);
			path = Tst;
			sourceTree = "<group>";
		};
		DF5428AB21D3FF3359438510 /* Products */ = {
			isa = PBXGroup;
			children = (
				75A6A621C3DDEF7101DF7CF1 /* MKHStateTst.xctest */,
				304A89D4EE98A8B3A4F2E530 /* MKHState.framework */,
			);
			name = Products;
			sourceTree = "<group>";
		};
/* End PBXGroup section */

/* Begin PBXNativeTarget section */
		32E4F3F7979BC0D5805D9C97 /* MKHStateTst */ = {
			isa = PBXNativeTarget;
			buildConfigurationList = 607E806FC564418C7ACB444E /* Build configuration list for PBXNativeTarget "MKHStateTst" */;
			buildPhases = (
				0B89D9D2D5E510FEE3190F98 /* Sources */,
				9304D348EA2517C6611A2F05 /* Frameworks */,
			);
			buildRules = (
			);
			dependencies = (
			);
			name = MKHStateTst;
			productName = MKHStateTst;
			productReference = 75A6A621C3DDEF7101DF7CF1 /* MKHStateTst.xctest */;
			productType = "com.apple.product-type.bundle.unit-test";
		};
		EF6C875CC374D32823576001 /* MKHState */ = {
			isa = PBXNativeTarget;
			buildConfigurationList = 8DABDC636B7D52D1C06BD1F3 /* Build configuration list for PBXNativeTarget "MKHState" */;
			buildPhases = (
				5892C602ECAFA654AC62B3BC /* Sources */,
				8F4BD76389E65C42639A7C11 /* Frameworks */,
			);
			buildRules = (
			);
			dependencies = (
			);
			name = MKHState;
			productName = MKHState;
			productReference = 304A89D4EE98A8B3A4F2E530 /* MKHState.framework */;
			productType = "com.apple.product-type.framework";
		};
/* End PBXNativeTarget section */

/* Begin PBXProject section */
		67504CF2ACC18DA11BA701A3 /* Project object */ = {
			isa = PBXProject;
			attributes = {
				CLASSPREFIX = STE;
				LastSwiftUpdateCheck = 0820;
				LastUpgradeCheck = 0700;
				ORGANIZATIONNAME = "Maxim Khatskevich";
				TargetAttributes = {
					32E4F3F7979BC0D5805D9C97 = {
						DevelopmentTeam = UJA88X59XP;
						ProvisioningStyle = Automatic;
					};
					EF6C875CC374D32823576001 = {
						DevelopmentTeam = UJA88X59XP;
						ProvisioningStyle = Automatic;
					};
				};
			};
			buildConfigurationList = 908D59CCD9DF7D707AA3E163 /* Build configuration list for PBXProject "MKHState" */;
			compatibilityVersion = "Xcode 3.2";
			developmentRegion = English;
			hasScannedForEncodings = 0;
			knownRegions = (
				en,
			);
			mainGroup = AF3472B07F5378F23EC5792F;
			productRefGroup = DF5428AB21D3FF3359438510 /* Products */;
			projectDirPath = "";
			projectRoot = "";
			targets = (
				EF6C875CC374D32823576001 /* MKHState */,
				32E4F3F7979BC0D5805D9C97 /* MKHStateTst */,
			);
		};
/* End PBXProject section */

/* Begin PBXSourcesBuildPhase section */
		0B89D9D2D5E510FEE3190F98 /* Sources */ = {
			isa = PBXSourcesBuildPhase;
			buildActionMask = 2147483647;
			files = (
				5AB6C8554392C3483412195D /* Main.swift in Sources */,
				7F96D3ADC292505CE8DD9805 /* MyView.Disabled.swift in Sources */,
				3DA64BDB5F29E212FD8D72F9 /* MyView.Highlighted.swift in Sources */,
				A681D951A03B307E007699AE /* MyView.Normal.swift in Sources */,
				88585C4AD15434AD57F04B31 /* MyView.swift in Sources */,
			);
			runOnlyForDeploymentPostprocessing = 0;
		};
		5892C602ECAFA654AC62B3BC /* Sources */ = {
			isa = PBXSourcesBuildPhase;
			buildActionMask = 2147483647;
			files = (
				9909DFA1945F45BBBD339CAA /* DiscreteSystem.swift in Sources */,
				67E3CA8D5F8EC7F91B7FE726 /* State.swift in Sources */,
				94F848CE1E2E13750019F638 /* TypeAliases.swift in Sources */,
				94F848D01E2E15CE0019F638 /* Utils.swift in Sources */,
				1DC71DC24F23F01EB9CF1CB6 /* StateCtrl.swift in Sources */,
			);
			runOnlyForDeploymentPostprocessing = 0;
		};
/* End PBXSourcesBuildPhase section */

/* Begin XCBuildConfiguration section */
		0A0C1A7C0D7187D62380D24F /* Release */ = {
			isa = XCBuildConfiguration;
			buildSettings = {
				ALWAYS_SEARCH_USER_PATHS = NO;
				CLANG_ANALYZER_NONNULL = YES;
				CLANG_CXX_LANGUAGE_STANDARD = "gnu++0x";
				CLANG_CXX_LIBRARY = "libc++";
				CLANG_ENABLE_MODULES = YES;
				CLANG_ENABLE_OBJC_ARC = YES;
				CLANG_WARN_BOOL_CONVERSION = YES;
				CLANG_WARN_CONSTANT_CONVERSION = YES;
				CLANG_WARN_DIRECT_OBJC_ISA_USAGE = YES_ERROR;
				CLANG_WARN_EMPTY_BODY = YES;
				CLANG_WARN_ENUM_CONVERSION = YES;
				CLANG_WARN_INFINITE_RECURSION = YES;
				CLANG_WARN_INT_CONVERSION = YES;
				CLANG_WARN_OBJC_ROOT_CLASS = YES_ERROR;
				CLANG_WARN_SUSPICIOUS_MOVE = YES;
				CLANG_WARN_UNREACHABLE_CODE = YES;
				CLANG_WARN__DUPLICATE_METHOD_MATCH = YES;
				"CODE_SIGN_IDENTITY[sdk=iphoneos*]" = "";
				COPY_PHASE_STRIP = YES;
				CURRENT_PROJECT_VERSION = 8;
				DEBUG_INFORMATION_FORMAT = "dwarf-with-dsym";
				ENABLE_NS_ASSERTIONS = NO;
				ENABLE_STRICT_OBJC_MSGSEND = YES;
				GCC_C_LANGUAGE_STANDARD = gnu99;
				GCC_NO_COMMON_BLOCKS = YES;
				GCC_WARN_64_TO_32_BIT_CONVERSION = YES;
				GCC_WARN_ABOUT_RETURN_TYPE = YES_ERROR;
				GCC_WARN_UNDECLARED_SELECTOR = YES;
				GCC_WARN_UNINITIALIZED_AUTOS = YES_AGGRESSIVE;
				GCC_WARN_UNUSED_FUNCTION = YES;
				GCC_WARN_UNUSED_VARIABLE = YES;
				IPHONEOS_DEPLOYMENT_TARGET = 8.0;
				SDKROOT = iphoneos;
				SWIFT_OPTIMIZATION_LEVEL = "-Owholemodule";
				TARGETED_DEVICE_FAMILY = "1,2";
				VALIDATE_PRODUCT = YES;
				VERSIONING_SYSTEM = "apple-generic";
			};
			name = Release;
		};
		0E46405826EADD681B70E657 /* Debug */ = {
			isa = XCBuildConfiguration;
			buildSettings = {
				"CODE_SIGN_IDENTITY[sdk=iphoneos*]" = "iPhone Developer";
				CURRENT_PROJECT_VERSION = 8;
				DEBUG_INFORMATION_FORMAT = dwarf;
				DEFINES_MODULE = YES;
				DEVELOPMENT_TEAM = UJA88X59XP;
				DYLIB_COMPATIBILITY_VERSION = 1;
				DYLIB_CURRENT_VERSION = 8;
				DYLIB_INSTALL_NAME_BASE = "@rpath";
				ENABLE_STRICT_OBJC_MSGSEND = YES;
				GCC_NO_COMMON_BLOCKS = YES;
				INFOPLIST_FILE = Info/MKHState.plist;
				INSTALL_PATH = "$(LOCAL_LIBRARY_DIR)/Frameworks";
				IPHONEOS_DEPLOYMENT_TARGET = 8.0;
				LD_RUNPATH_SEARCH_PATHS = "$(inherited) @executable_path/Frameworks @loader_path/Frameworks";
				MTL_ENABLE_DEBUG_INFO = YES;
				PRODUCT_BUNDLE_IDENTIFIER = khatskevich.maxim.MKHState;
				PRODUCT_NAME = "$(TARGET_NAME)";
				SDKROOT = iphoneos;
				SKIP_INSTALL = YES;
				SWIFT_OPTIMIZATION_LEVEL = "-Onone";
				SWIFT_VERSION = 3.0;
				TARGETED_DEVICE_FAMILY = "1,2";
				VERSIONING_SYSTEM = "apple-generic";
				VERSION_INFO_PREFIX = "";
			};
			name = Debug;
		};
		18F3A7390DF03D706FC6BA39 /* Release */ = {
			isa = XCBuildConfiguration;
			buildSettings = {
				"CODE_SIGN_IDENTITY[sdk=iphoneos*]" = "iPhone Developer";
				DEBUG_INFORMATION_FORMAT = "dwarf-with-dsym";
				DEVELOPMENT_TEAM = UJA88X59XP;
				ENABLE_STRICT_OBJC_MSGSEND = YES;
				FRAMEWORK_SEARCH_PATHS = (
					"$BUILD_DIR/$(CONFIGURATION)$(EFFECTIVE_PLATFORM_NAME)/**",
					"$(inherited)",
				);
				GCC_NO_COMMON_BLOCKS = YES;
				INFOPLIST_FILE = Info/MKHStateTst.plist;
				IPHONEOS_DEPLOYMENT_TARGET = 8.0;
				LD_RUNPATH_SEARCH_PATHS = "$(inherited) @executable_path/Frameworks @loader_path/Frameworks";
				MTL_ENABLE_DEBUG_INFO = NO;
				PRODUCT_BUNDLE_IDENTIFIER = khatskevich.maxim.MKHStateTst;
				PRODUCT_NAME = "$(TARGET_NAME)";
				SDKROOT = iphoneos;
				SWIFT_VERSION = 3.0;
			};
			name = Release;
		};
		2091810D0DC48DB6054412F5 /* Debug */ = {
			isa = XCBuildConfiguration;
			buildSettings = {
				ALWAYS_SEARCH_USER_PATHS = NO;
				CLANG_ANALYZER_NONNULL = YES;
				CLANG_CXX_LANGUAGE_STANDARD = "gnu++0x";
				CLANG_CXX_LIBRARY = "libc++";
				CLANG_ENABLE_MODULES = YES;
				CLANG_ENABLE_OBJC_ARC = YES;
				CLANG_WARN_BOOL_CONVERSION = YES;
				CLANG_WARN_CONSTANT_CONVERSION = YES;
				CLANG_WARN_DIRECT_OBJC_ISA_USAGE = YES_ERROR;
				CLANG_WARN_EMPTY_BODY = YES;
				CLANG_WARN_ENUM_CONVERSION = YES;
				CLANG_WARN_INFINITE_RECURSION = YES;
				CLANG_WARN_INT_CONVERSION = YES;
				CLANG_WARN_OBJC_ROOT_CLASS = YES_ERROR;
				CLANG_WARN_SUSPICIOUS_MOVE = YES;
				CLANG_WARN_UNREACHABLE_CODE = YES;
				CLANG_WARN__DUPLICATE_METHOD_MATCH = YES;
				"CODE_SIGN_IDENTITY[sdk=iphoneos*]" = "";
				COPY_PHASE_STRIP = NO;
				CURRENT_PROJECT_VERSION = 8;
				DEBUG_INFORMATION_FORMAT = dwarf;
				ENABLE_STRICT_OBJC_MSGSEND = YES;
				ENABLE_TESTABILITY = YES;
				GCC_C_LANGUAGE_STANDARD = gnu99;
				GCC_DYNAMIC_NO_PIC = NO;
				GCC_NO_COMMON_BLOCKS = YES;
				GCC_OPTIMIZATION_LEVEL = 0;
				GCC_PREPROCESSOR_DEFINITIONS = (
					"DEBUG=1",
					"$(inherited)",
				);
				GCC_SYMBOLS_PRIVATE_EXTERN = NO;
				GCC_WARN_64_TO_32_BIT_CONVERSION = YES;
				GCC_WARN_ABOUT_RETURN_TYPE = YES_ERROR;
				GCC_WARN_UNDECLARED_SELECTOR = YES;
				GCC_WARN_UNINITIALIZED_AUTOS = YES_AGGRESSIVE;
				GCC_WARN_UNUSED_FUNCTION = YES;
				GCC_WARN_UNUSED_VARIABLE = YES;
				IPHONEOS_DEPLOYMENT_TARGET = 8.0;
				ONLY_ACTIVE_ARCH = YES;
				SDKROOT = iphoneos;
				SWIFT_OPTIMIZATION_LEVEL = "-Onone";
				TARGETED_DEVICE_FAMILY = "1,2";
				VERSIONING_SYSTEM = "apple-generic";
			};
			name = Debug;
		};
		5AB04180C1F3414AFDD2D752 /* Debug */ = {
			isa = XCBuildConfiguration;
			buildSettings = {
				"CODE_SIGN_IDENTITY[sdk=iphoneos*]" = "iPhone Developer";
				DEBUG_INFORMATION_FORMAT = dwarf;
				DEVELOPMENT_TEAM = UJA88X59XP;
				ENABLE_STRICT_OBJC_MSGSEND = YES;
				FRAMEWORK_SEARCH_PATHS = (
					"$BUILD_DIR/$(CONFIGURATION)$(EFFECTIVE_PLATFORM_NAME)/**",
					"$(inherited)",
				);
				GCC_NO_COMMON_BLOCKS = YES;
				INFOPLIST_FILE = Info/MKHStateTst.plist;
				IPHONEOS_DEPLOYMENT_TARGET = 8.0;
				LD_RUNPATH_SEARCH_PATHS = "$(inherited) @executable_path/Frameworks @loader_path/Frameworks";
				MTL_ENABLE_DEBUG_INFO = YES;
				PRODUCT_BUNDLE_IDENTIFIER = khatskevich.maxim.MKHStateTst;
				PRODUCT_NAME = "$(TARGET_NAME)";
				SDKROOT = iphoneos;
				SWIFT_OPTIMIZATION_LEVEL = "-Onone";
				SWIFT_VERSION = 3.0;
			};
			name = Debug;
		};
		A6D7C344A734AEEE5C9860D0 /* Release */ = {
			isa = XCBuildConfiguration;
			buildSettings = {
				"CODE_SIGN_IDENTITY[sdk=iphoneos*]" = "iPhone Developer";
				CURRENT_PROJECT_VERSION = 8;
				DEBUG_INFORMATION_FORMAT = "dwarf-with-dsym";
				DEFINES_MODULE = YES;
				DEVELOPMENT_TEAM = UJA88X59XP;
				DYLIB_COMPATIBILITY_VERSION = 1;
				DYLIB_CURRENT_VERSION = 8;
				DYLIB_INSTALL_NAME_BASE = "@rpath";
				ENABLE_STRICT_OBJC_MSGSEND = YES;
				GCC_NO_COMMON_BLOCKS = YES;
				INFOPLIST_FILE = Info/MKHState.plist;
				INSTALL_PATH = "$(LOCAL_LIBRARY_DIR)/Frameworks";
				IPHONEOS_DEPLOYMENT_TARGET = 8.0;
				LD_RUNPATH_SEARCH_PATHS = "$(inherited) @executable_path/Frameworks @loader_path/Frameworks";
				MTL_ENABLE_DEBUG_INFO = NO;
				PRODUCT_BUNDLE_IDENTIFIER = khatskevich.maxim.MKHState;
				PRODUCT_NAME = "$(TARGET_NAME)";
				SDKROOT = iphoneos;
				SKIP_INSTALL = YES;
				SWIFT_VERSION = 3.0;
				TARGETED_DEVICE_FAMILY = "1,2";
				VERSIONING_SYSTEM = "apple-generic";
				VERSION_INFO_PREFIX = "";
			};
			name = Release;
		};
/* End XCBuildConfiguration section */

/* Begin XCConfigurationList section */
		607E806FC564418C7ACB444E /* Build configuration list for PBXNativeTarget "MKHStateTst" */ = {
			isa = XCConfigurationList;
			buildConfigurations = (
				5AB04180C1F3414AFDD2D752 /* Debug */,
				18F3A7390DF03D706FC6BA39 /* Release */,
			);
			defaultConfigurationIsVisible = 0;
			defaultConfigurationName = Release;
		};
		8DABDC636B7D52D1C06BD1F3 /* Build configuration list for PBXNativeTarget "MKHState" */ = {
			isa = XCConfigurationList;
			buildConfigurations = (
				0E46405826EADD681B70E657 /* Debug */,
				A6D7C344A734AEEE5C9860D0 /* Release */,
			);
			defaultConfigurationIsVisible = 0;
			defaultConfigurationName = Release;
		};
		908D59CCD9DF7D707AA3E163 /* Build configuration list for PBXProject "MKHState" */ = {
			isa = XCConfigurationList;
			buildConfigurations = (
				2091810D0DC48DB6054412F5 /* Debug */,
				0A0C1A7C0D7187D62380D24F /* Release */,
			);
			defaultConfigurationIsVisible = 0;
			defaultConfigurationName = Release;
		};
/* End XCConfigurationList section */
	};
	rootObject = 67504CF2ACC18DA11BA701A3 /* Project object */;
}
